// !$*UTF8*$!
{
	archiveVersion = 1;
	classes = {
	};
	objectVersion = 77;
	objects = {

/* Begin PBXBuildFile section */
		0131581F99E2EF3713469E6A /* AgentStepsView.swift in Sources */ = {isa = PBXBuildFile; fileRef = 82EB90C2CBC242E2F937C9A7 /* AgentStepsView.swift */; };
		04AA2820B08DD9FACE8D1F50 /* FirecrawlClient.swift in Sources */ = {isa = PBXBuildFile; fileRef = 09F9C0C72C5E6B8BE0912EC5 /* FirecrawlClient.swift */; };
		0806425266F35789AC6536B5 /* ChainRunner.swift in Sources */ = {isa = PBXBuildFile; fileRef = DBFEC89F18F75162E6DE8151 /* ChainRunner.swift */; };
		080814F345FDF974C13E291F /* ProviderModelCatalog.swift in Sources */ = {isa = PBXBuildFile; fileRef = 8368D4FE0B95B2D8424C6F03 /* ProviderModelCatalog.swift */; };
		0897BF3BED34EE1CED84348A /* Skill.swift in Sources */ = {isa = PBXBuildFile; fileRef = 7D15668AF900399F979125EC /* Skill.swift */; };
		08A0FD2C0E4B1E8374BCBA1B /* LocalFileTool.swift in Sources */ = {isa = PBXBuildFile; fileRef = FF3665F7CC1160042B72C8D6 /* LocalFileTool.swift */; };
		08FDF6089841E01C0785AC60 /* ConversationSummarizer.swift in Sources */ = {isa = PBXBuildFile; fileRef = C7DAAA51347C72D66295BA63 /* ConversationSummarizer.swift */; };
		0A142CA6FC562680E1EC9661 /* ConversationPromptSheet.swift in Sources */ = {isa = PBXBuildFile; fileRef = A6E3D82CE18FAF01C9C7F884 /* ConversationPromptSheet.swift */; };
		0C232B91657AE51EBF9473DD /* PromptBuilders.swift in Sources */ = {isa = PBXBuildFile; fileRef = 3217D675229F2C856721ACD3 /* PromptBuilders.swift */; };
		0FA0EAB65F062049B93171A0 /* LLMStreamChunk.swift in Sources */ = {isa = PBXBuildFile; fileRef = 0687940C49D7DC9598C4D2AE /* LLMStreamChunk.swift */; };
		11A00AC50A8D15B9C6DF0A23 /* PromptLibraryStore.swift in Sources */ = {isa = PBXBuildFile; fileRef = C635BF4CA8D4A79975C77578 /* PromptLibraryStore.swift */; };
		129D13C0D77DCE3668CFA9C6 /* NeuralTTS.swift in Sources */ = {isa = PBXBuildFile; fileRef = 0DA6D1FF8E4A123472626AAD /* NeuralTTS.swift */; };
		142F973AE60AB8BC7115274C /* CommandPaletteView.swift in Sources */ = {isa = PBXBuildFile; fileRef = E7535A84A46BDAE9B8137DC4 /* CommandPaletteView.swift */; };
		18A836F797793DBA55EDB7BA /* ResponseColumnView.swift in Sources */ = {isa = PBXBuildFile; fileRef = 553F6E511AFFCE5F05104903 /* ResponseColumnView.swift */; };
		1A22AB7EC16FE8D7ED5F7106 /* DebateTurnsView.swift in Sources */ = {isa = PBXBuildFile; fileRef = CE5C4405041E203FC52EA1BA /* DebateTurnsView.swift */; };
		1B6835FE4EE43F667875603B /* UpdateSettingsView.swift in Sources */ = {isa = PBXBuildFile; fileRef = 0EB39177D9D2AFD88D8C099E /* UpdateSettingsView.swift */; };
		1BF401CC006C13A926BAC3D7 /* CLICommandClient.swift in Sources */ = {isa = PBXBuildFile; fileRef = 3D4EA7619BEC7C23D6F739E0 /* CLICommandClient.swift */; };
		1D2F258436D3A95D0C941FF2 /* Attachment.swift in Sources */ = {isa = PBXBuildFile; fileRef = ED3B4692DB0791298A87B40E /* Attachment.swift */; };
		1D401FF4AC8DB5FE24672944 /* Platform.swift in Sources */ = {isa = PBXBuildFile; fileRef = DC18A3107707274492A4E4E3 /* Platform.swift */; };
		1DBC37746FCA3749A27AE462 /* NotesService.swift in Sources */ = {isa = PBXBuildFile; fileRef = 7F7B923F73F349AB7977FA59 /* NotesService.swift */; };
		1F47FFDFD07EBB60A3637C0D /* MarkdownText.swift in Sources */ = {isa = PBXBuildFile; fileRef = 88D780422A7B7696C677A8B2 /* MarkdownText.swift */; };
		1F666F780CD2FC25F78B2245 /* CLIPendingPrompt.swift in Sources */ = {isa = PBXBuildFile; fileRef = 1579F4433E6315F8F389A769 /* CLIPendingPrompt.swift */; };
		1FC04A0FE48B84F150A528F8 /* ProviderRowView.swift in Sources */ = {isa = PBXBuildFile; fileRef = D76436AAFFE48E40E499C438 /* ProviderRowView.swift */; };
		228D3AB3D4965E1CBC2C59C6 /* StructuredTurnsView.swift in Sources */ = {isa = PBXBuildFile; fileRef = 659CE456B599235C3F87F724 /* StructuredTurnsView.swift */; };
		23ADBD01F9963D858AD83748 /* EscalationAdvisor.swift in Sources */ = {isa = PBXBuildFile; fileRef = F22FFF375DFABC3EF84B7018 /* EscalationAdvisor.swift */; };
		26406572CADE64468E42C312 /* SchedulerView.swift in Sources */ = {isa = PBXBuildFile; fileRef = A982064C52DD9EEC1F8DA9BE /* SchedulerView.swift */; };
		276AE625D85B18E99A7A513E /* StructuredOutput.swift in Sources */ = {isa = PBXBuildFile; fileRef = EB232FF1B17C1DC9C5267ACB /* StructuredOutput.swift */; };
		298B6B5B7EEFD9F18DEBE9BB /* DebugLogStore.swift in Sources */ = {isa = PBXBuildFile; fileRef = 3B088C91A6C7E5BF2D288E27 /* DebugLogStore.swift */; };
		2D94FA3DB8DF30D44F7B3A7E /* TournamentTurnsView.swift in Sources */ = {isa = PBXBuildFile; fileRef = F831F2E5B5C5016211BC3EB7 /* TournamentTurnsView.swift */; };
		2DE4CB8A385A990438C05770 /* BackgroundAudioKeepalive.swift in Sources */ = {isa = PBXBuildFile; fileRef = 9F5CB491914AA4CAB793A5D3 /* BackgroundAudioKeepalive.swift */; };
		2FBD4A00EA1AD8AA41069A25 /* ConversationImageView.swift in Sources */ = {isa = PBXBuildFile; fileRef = C4FAB15E12FFD38053F8D124 /* ConversationImageView.swift */; };
		2FCB0E06ECBE8BA942DAF954 /* QuestionRouter.swift in Sources */ = {isa = PBXBuildFile; fileRef = C2E90577A55CCD1403A79417 /* QuestionRouter.swift */; };
		305331BB82329E7463DF6EB4 /* ProviderRegistry.swift in Sources */ = {isa = PBXBuildFile; fileRef = 1B7F9872024209C57342066E /* ProviderRegistry.swift */; };
		308FCC8017B037FE8825B9B3 /* ChangelogService.swift in Sources */ = {isa = PBXBuildFile; fileRef = 533F50E542CD7B7960E479B7 /* ChangelogService.swift */; };
		3117F3E8F0A591978E32DF91 /* ImageGenerationClient.swift in Sources */ = {isa = PBXBuildFile; fileRef = ED9F055252B0E1B2F621C0E9 /* ImageGenerationClient.swift */; };
		325088DA3CFBDA98AEE22F3B /* ConversationImageStore.swift in Sources */ = {isa = PBXBuildFile; fileRef = 5C96EADA0BB6C979EC985AA8 /* ConversationImageStore.swift */; };
		366777024F1727D90B2400B5 /* CHANGELOG.md in Resources */ = {isa = PBXBuildFile; fileRef = 388EA7D29142973723D271A4 /* CHANGELOG.md */; };
		36EF31E0B33DFE7AFEC1DB71 /* KnowledgeFolder.swift in Sources */ = {isa = PBXBuildFile; fileRef = 671D479F29E08EBEC1F1B685 /* KnowledgeFolder.swift */; };
		375CA7A62E1D320E3AD58CE7 /* ICloudSyncSettingsView.swift in Sources */ = {isa = PBXBuildFile; fileRef = 6B29360ED33194AE1781A5D7 /* ICloudSyncSettingsView.swift */; };
		37CD58330EE8ABF1A385C962 /* MCPSettingsView.swift in Sources */ = {isa = PBXBuildFile; fileRef = 024CBFE5F4874DACF9F38D7E /* MCPSettingsView.swift */; };
		38123390632F07ACF834D2E5 /* DirectTurnsView.swift in Sources */ = {isa = PBXBuildFile; fileRef = 3C593599EB8BDECA69569492 /* DirectTurnsView.swift */; };
		3ADE5E91AB659407BD4C82C3 /* XunfeiTTSEngine.swift in Sources */ = {isa = PBXBuildFile; fileRef = 873F7E37B2B95E3CCF589112 /* XunfeiTTSEngine.swift */; };
		3CC5FEA9353CFE14294D54F2 /* BackupSettingsView.swift in Sources */ = {isa = PBXBuildFile; fileRef = 0749B24CA1D69C9404037BCC /* BackupSettingsView.swift */; };
		3E6FCE753AD36EC955F15DAA /* DeviceToolsSettingsView.swift in Sources */ = {isa = PBXBuildFile; fileRef = CA5805505A4905663EE74CE7 /* DeviceToolsSettingsView.swift */; };
		3FBF4569C76A065A37E5F123 /* AppViewModel.swift in Sources */ = {isa = PBXBuildFile; fileRef = 74FECDB1C53A73FB4AD2834E /* AppViewModel.swift */; };
		40F35937B86707BBB5CEE7E0 /* MemorySettingsView.swift in Sources */ = {isa = PBXBuildFile; fileRef = 2CB350AD24EA8294A96ECF89 /* MemorySettingsView.swift */; };
		4757EB2D8C778E22DF9DED26 /* MemoryStore.swift in Sources */ = {isa = PBXBuildFile; fileRef = 1EC284496AF678C1CD74658F /* MemoryStore.swift */; };
		4B5E461A68130F5884D15253 /* ConsensusAnalyzer.swift in Sources */ = {isa = PBXBuildFile; fileRef = 5AC95562809F5AF550A126CA /* ConsensusAnalyzer.swift */; };
		4FDBDE512061E3B291077A54 /* AppViewModel+Send.swift in Sources */ = {isa = PBXBuildFile; fileRef = F4592A4913C32C4F72D9FF27 /* AppViewModel+Send.swift */; };
		54F12825C0643F97AE2B3D62 /* AnswerCardImage.swift in Sources */ = {isa = PBXBuildFile; fileRef = 461939F39D73ACC5E7E54AE4 /* AnswerCardImage.swift */; };
		55AEC594F531FC2EAF0BEB6E /* ConversationSearchIndex.swift in Sources */ = {isa = PBXBuildFile; fileRef = F8F6CE55B7CBED99EF0E804A /* ConversationSearchIndex.swift */; };
		58A24F3CD4120D2EF3C6B743 /* SkillRouter.swift in Sources */ = {isa = PBXBuildFile; fileRef = 21F94470D49A4D70D3AFD557 /* SkillRouter.swift */; };
		5A22D551753A8BC80B537317 /* SchedulerService.swift in Sources */ = {isa = PBXBuildFile; fileRef = BC7D92B52EAE43EE683B8A7C /* SchedulerService.swift */; };
		5B99879A3218CC574D149C26 /* SyntaxHighlighter.swift in Sources */ = {isa = PBXBuildFile; fileRef = 4E4E094E41276DCD5885F54E /* SyntaxHighlighter.swift */; };
		5D1DE5176151E1CD3FDE070F /* SelfReflectionService.swift in Sources */ = {isa = PBXBuildFile; fileRef = 76AB6AD7E15CBA3A53F08289 /* SelfReflectionService.swift */; };
		5D9AF26CAD876C5811778057 /* MCPServer.swift in Sources */ = {isa = PBXBuildFile; fileRef = 0D645C797069A3DE2337B644 /* MCPServer.swift */; };
		5F1A0E334420452C494B0437 /* GitHubConnectViews.swift in Sources */ = {isa = PBXBuildFile; fileRef = 74F9068B4A8CF8A86C53E00F /* GitHubConnectViews.swift */; };
		5F28C5030B88AF0BBCE9BAFB /* ConversationRowView.swift in Sources */ = {isa = PBXBuildFile; fileRef = E99E10045CA633CC12C339A4 /* ConversationRowView.swift */; };
		5F5B8612E2826B0709CC10D2 /* MarkdownUI in Frameworks */ = {isa = PBXBuildFile; productRef = 03754B00E6FF65D102142998 /* MarkdownUI */; };
		61C0DB45B1866244F7C98DEC /* ModeTabsView.swift in Sources */ = {isa = PBXBuildFile; fileRef = 19C42B62D779696D4A48F9C7 /* ModeTabsView.swift */; };
		6330B6276E6FF86C7DCA8405 /* AppViewModel+Consensus.swift in Sources */ = {isa = PBXBuildFile; fileRef = 04CEE855B57F844FAE5C0B10 /* AppViewModel+Consensus.swift */; };
		6639D356EDE76C0C80638A62 /* EvalSuite.swift in Sources */ = {isa = PBXBuildFile; fileRef = FB798BE3CBF42C77E3822A8E /* EvalSuite.swift */; };
		668ACD0FF4C11574A2436CD0 /* CrashLogger.swift in Sources */ = {isa = PBXBuildFile; fileRef = 7001CD7173A6003309E0338A /* CrashLogger.swift */; };
		6772477AA987E55FBAEF8C7D /* WebSearch.swift in Sources */ = {isa = PBXBuildFile; fileRef = EB64A12EBE235CC880ADEBA4 /* WebSearch.swift */; };
		68C639244FD9C1FB4B2CE551 /* SpeechService.swift in Sources */ = {isa = PBXBuildFile; fileRef = 54326FD74E1BB58DB142BD41 /* SpeechService.swift */; };
		695AB8D326DC1C8210686358 /* ArtifactExtractor.swift in Sources */ = {isa = PBXBuildFile; fileRef = 762CDAD4AAD71ABC98CDFAEA /* ArtifactExtractor.swift */; };
		69BB4FF2EA193279647FB534 /* MacQuickAsk.swift in Sources */ = {isa = PBXBuildFile; fileRef = A248FDD45EDA5637FD9DD508 /* MacQuickAsk.swift */; };
		6A3729AA976C134ECDDAEE82 /* LLMClient.swift in Sources */ = {isa = PBXBuildFile; fileRef = F66270B7AD94FD820AABAF62 /* LLMClient.swift */; };
		6C5BC5667F9AD4332419D490 /* MainContentView.swift in Sources */ = {isa = PBXBuildFile; fileRef = A7FB6008C2D33BD132FB334F /* MainContentView.swift */; };
		6D2E44573433660608F68953 /* EmptyStateCard.swift in Sources */ = {isa = PBXBuildFile; fileRef = C55ADFE111F5EA812F1CBAFC /* EmptyStateCard.swift */; };
		6DEC13F0A2908B4EF77878AE /* FactCheckService.swift in Sources */ = {isa = PBXBuildFile; fileRef = C0A3D89ADD65423F2712AAAE /* FactCheckService.swift */; };
		6E752F01958F053E21FD5E3F /* UsageDashboardView.swift in Sources */ = {isa = PBXBuildFile; fileRef = 5025B9B883A8A0770DBE2E56 /* UsageDashboardView.swift */; };
		6EAD279ED860777C19E22596 /* BackupStore.swift in Sources */ = {isa = PBXBuildFile; fileRef = 8A6F20A976B98805EACD3A0C /* BackupStore.swift */; };
		71738E8A12A923DA0011C926 /* ToolDefinition.swift in Sources */ = {isa = PBXBuildFile; fileRef = DD0634339284A0A46BFDB9A1 /* ToolDefinition.swift */; };
		72F794828A83F32F5512CE45 /* ArtifactBlock.swift in Sources */ = {isa = PBXBuildFile; fileRef = 0BA2DF2D3D56CD5E2A5C1119 /* ArtifactBlock.swift */; };
		7386F52FAE73C627D238FB67 /* GitHubService.swift in Sources */ = {isa = PBXBuildFile; fileRef = A55C1B3F3EC47EECACFBC5A5 /* GitHubService.swift */; };
		73D45F8D0D192C2EA9D752AB /* ICloudSync.swift in Sources */ = {isa = PBXBuildFile; fileRef = 6E83E1B5507154C0CF88A953 /* ICloudSync.swift */; };
		74A89E7D3F14BDCB9EE7A366 /* KownTheme.swift in Sources */ = {isa = PBXBuildFile; fileRef = A9291B3B56DB780E4D639C95 /* KownTheme.swift */; };
		74EDF2351EC0CB37818FEAF7 /* ConsensusPanel.swift in Sources */ = {isa = PBXBuildFile; fileRef = 771773281D26F968C16B0B27 /* ConsensusPanel.swift */; };
		75423712AFA392E684C3A495 /* EvalRunner.swift in Sources */ = {isa = PBXBuildFile; fileRef = 4BA092EA11A22D3DD7476DB9 /* EvalRunner.swift */; };
		789E3B1E3DDB0DF057B9FAEC /* TextDiff.swift in Sources */ = {isa = PBXBuildFile; fileRef = 6B0217F7D7A92EDDECE5FB93 /* TextDiff.swift */; };
		795E0160543754AD650C1B99 /* TTSSettingsView.swift in Sources */ = {isa = PBXBuildFile; fileRef = 55807471674193550205CB3F /* TTSSettingsView.swift */; };
		7A0944641460FC98B9AAED77 /* UpdaterService.swift in Sources */ = {isa = PBXBuildFile; fileRef = B85A21C1BBF19EC1C0455BA0 /* UpdaterService.swift */; };
		7A2C40C858B3C62744B85C43 /* LeaderboardView.swift in Sources */ = {isa = PBXBuildFile; fileRef = 562385EBC43DEA8BBCE4DC0E /* LeaderboardView.swift */; };
		7A2E1775C20817A909AAE3EB /* ChangelogView.swift in Sources */ = {isa = PBXBuildFile; fileRef = 4B2FF343C76EE2CFEBA65443 /* ChangelogView.swift */; };
		7C5BB8BFF375E8C3C22E5D67 /* VoiceConversationView.swift in Sources */ = {isa = PBXBuildFile; fileRef = 92FA792E1FD684E441AFF1C3 /* VoiceConversationView.swift */; };
		8341991AF39A8425B699B75E /* BackgroundCompanion.swift in Sources */ = {isa = PBXBuildFile; fileRef = CE6EDBB6EE19B3E06EB8BA46 /* BackgroundCompanion.swift */; };
		84B6CA7E670EF4C075F60B44 /* TurnComponents.swift in Sources */ = {isa = PBXBuildFile; fileRef = D81083A7840915BC31B8ED68 /* TurnComponents.swift */; };
		885C193991424F3917955116 /* WorkspaceManager.swift in Sources */ = {isa = PBXBuildFile; fileRef = 4B33D99C78787CD1C29BF517 /* WorkspaceManager.swift */; };
		88EA49C0CEC2CC668CA6B995 /* Sparkle in Frameworks */ = {isa = PBXBuildFile; productRef = 1EC08FBC2A1DEBCFBB480821 /* Sparkle */; };
		8BBD742F51B41452CD0D5313 /* EditTurnSheet.swift in Sources */ = {isa = PBXBuildFile; fileRef = 2BA28F122FF3BA73CED7836F /* EditTurnSheet.swift */; };
		8C122A039F0ABC0D0CEC5D5D /* OpenAICompatibleClient.swift in Sources */ = {isa = PBXBuildFile; fileRef = 6652CB52E9921B5880BDFCFB /* OpenAICompatibleClient.swift */; };
		9027AAD3B0B458F5281BD979 /* AppViewModel+Knowledge.swift in Sources */ = {isa = PBXBuildFile; fileRef = 09057190F5E6BC906966FBB1 /* AppViewModel+Knowledge.swift */; };
		907CF33B136615CDD96CF814 /* EvalView.swift in Sources */ = {isa = PBXBuildFile; fileRef = 9E0D438CD7811C2A3386D118 /* EvalView.swift */; };
		9110562521F30EA7D1BBD892 /* SkillsStore.swift in Sources */ = {isa = PBXBuildFile; fileRef = 3B89CBF68EB3E3C96645753F /* SkillsStore.swift */; };
		91AF69BB07BE8A51A139E82D /* UsageSettingsView.swift in Sources */ = {isa = PBXBuildFile; fileRef = C7667D7656095A4C06D33EDC /* UsageSettingsView.swift */; };
		92F3EB5FB54BB0F9D87A5648 /* EventKitService.swift in Sources */ = {isa = PBXBuildFile; fileRef = 413813311A24C7F55B0B1C3D /* EventKitService.swift */; };
		94020BCDD1E4A8B713E565D8 /* ResponseState.swift in Sources */ = {isa = PBXBuildFile; fileRef = 26CAD432F91BE031EB0B7CBD /* ResponseState.swift */; };
		94BE5CD33F9985FB6644F40B /* FavoritesSettingsView.swift in Sources */ = {isa = PBXBuildFile; fileRef = 6663CD10F8744DA80CB7B71A /* FavoritesSettingsView.swift */; };
		957A2EFD34EAF740DD20A6F6 /* SourcesStrip.swift in Sources */ = {isa = PBXBuildFile; fileRef = 48E9B8329F5CC2F2805D1192 /* SourcesStrip.swift */; };
		9660B6092B9E1F719FA98A61 /* WebSearchSettingsView.swift in Sources */ = {isa = PBXBuildFile; fileRef = 8DEFC40E9873DEDC8D163DAF /* WebSearchSettingsView.swift */; };
		98C1E70CC1ADAD46B069EE38 /* SkillsLibraryView.swift in Sources */ = {isa = PBXBuildFile; fileRef = 54B67667B508E117497DA079 /* SkillsLibraryView.swift */; };
		990049A3015F761929EF1BBA /* QualityCards.swift in Sources */ = {isa = PBXBuildFile; fileRef = FA71FBE13D593A72767CC58F /* QualityCards.swift */; };
		99D907FB5189365DED894F0A /* ResponseLogger.swift in Sources */ = {isa = PBXBuildFile; fileRef = 72040293D5A0D231EEE07149 /* ResponseLogger.swift */; };
		9BA152E8F7777DC70B8C49D6 /* ActiveProviderBar.swift in Sources */ = {isa = PBXBuildFile; fileRef = 347ED1793B406F4531957878 /* ActiveProviderBar.swift */; };
		A05DF5060E1EF06ED0463D98 /* KeychainStore.swift in Sources */ = {isa = PBXBuildFile; fileRef = 750A73703E624AF5DF0F7396 /* KeychainStore.swift */; };
		A284C3C6C49D6F251FC06DD0 /* AnthropicClient.swift in Sources */ = {isa = PBXBuildFile; fileRef = 066FE4203C9EF0565D456149 /* AnthropicClient.swift */; };
		A2A68B59B1C8C4A5CAA85FCC /* CouncilTurnsView.swift in Sources */ = {isa = PBXBuildFile; fileRef = D543C2F2DA02ECE5F5FAE137 /* CouncilTurnsView.swift */; };
		A2CFB347F2F8867BC070F0AC /* DebugLogSettingsView.swift in Sources */ = {isa = PBXBuildFile; fileRef = 974DDC497B491A654C442311 /* DebugLogSettingsView.swift */; };
		A3CA5D38C447DB10DF15BCEB /* ChainView.swift in Sources */ = {isa = PBXBuildFile; fileRef = 420FF2930F0FAD150168F93A /* ChainView.swift */; };
		A3F8E6F819337B710DD7A652 /* Conversation.swift in Sources */ = {isa = PBXBuildFile; fileRef = E9C7AC3CC81D28CC3EC26758 /* Conversation.swift */; };
		A4286AD296532B8694866E4B /* CitationSourceSheet.swift in Sources */ = {isa = PBXBuildFile; fileRef = A1FBF5DD5C29AF37AE57C20C /* CitationSourceSheet.swift */; };
		A4BA26FF0D7EEA0E647942EF /* LocalRAG.swift in Sources */ = {isa = PBXBuildFile; fileRef = 79D93DCE4450889A1414E77A /* LocalRAG.swift */; };
		A80D330C848DB6E36CD85DAA /* OCRService.swift in Sources */ = {isa = PBXBuildFile; fileRef = 330B0594740131BC9AD86870 /* OCRService.swift */; };
		AC07A20F016EA19138DCB1DF /* CompareTurnsView.swift in Sources */ = {isa = PBXBuildFile; fileRef = 2B0DA510C06622816A4DCB83 /* CompareTurnsView.swift */; };
		AE45CA69BB323D198B59A254 /* SpeechRecognizer.swift in Sources */ = {isa = PBXBuildFile; fileRef = F76C7D4696CC94423AF396D7 /* SpeechRecognizer.swift */; };
		AF791BFAB16028DB5B5C5679 /* Assets.xcassets in Resources */ = {isa = PBXBuildFile; fileRef = 6BBFEBEFE06B752D3EBC48F5 /* Assets.xcassets */; };
		B065092D931DC5DBF4453BA9 /* WrappingHStack.swift in Sources */ = {isa = PBXBuildFile; fileRef = D025C7805F828C5A7D33766C /* WrappingHStack.swift */; };
		B1C3734602EA607CCB60A9EF /* AskKownIntent.swift in Sources */ = {isa = PBXBuildFile; fileRef = CFDDC6E57D56E5FE87D2E871 /* AskKownIntent.swift */; };
		B3B1918D26215E103C896E58 /* AppViewModel+Quality.swift in Sources */ = {isa = PBXBuildFile; fileRef = FCEFC36A7BA780C0DF612468 /* AppViewModel+Quality.swift */; };
		B5D3C3C902A7FADF0A76A1DD /* ArtifactPreviewView.swift in Sources */ = {isa = PBXBuildFile; fileRef = B71C6F5AB4A30C9729DA6449 /* ArtifactPreviewView.swift */; };
		B611B8637FFBFF0F04D748B8 /* HTMLExporter.swift in Sources */ = {isa = PBXBuildFile; fileRef = 89AE2BC7830F259147BB4759 /* HTMLExporter.swift */; };
		B87C0DB982B6A3F9F2C4E9EB /* ReasoningDisclosure.swift in Sources */ = {isa = PBXBuildFile; fileRef = 1B277A0EF8E90BFCABD0584E /* ReasoningDisclosure.swift */; };
		B97984674DD5744C615449E2 /* PromptChain.swift in Sources */ = {isa = PBXBuildFile; fileRef = 5E8B537708352E5EA070D4FE /* PromptChain.swift */; };
		BAB89506C06D863220F3662B /* UsageStore.swift in Sources */ = {isa = PBXBuildFile; fileRef = 7C7B12B5A033AA11149DE807 /* UsageStore.swift */; };
		BBA9B3DCBF782EB71A53B984 /* RootView.swift in Sources */ = {isa = PBXBuildFile; fileRef = 018F8104DC4500AA2A85C7D0 /* RootView.swift */; };
		BDC61E3F0F38D685626A7375 /* SSELineStream.swift in Sources */ = {isa = PBXBuildFile; fileRef = EA814C2E69E49C2CE4217231 /* SSELineStream.swift */; };
		BDE78491D55EEF36B6E20EE0 /* ConversationStore.swift in Sources */ = {isa = PBXBuildFile; fileRef = 05A8F081BDEB4322EE872674 /* ConversationStore.swift */; };
		C0166D275D0C24361F06DDBD /* GeminiClient.swift in Sources */ = {isa = PBXBuildFile; fileRef = 34C72CDAE2197001F9B3E4B0 /* GeminiClient.swift */; };
		C47134742149CE2159C34F65 /* FavoritesStore.swift in Sources */ = {isa = PBXBuildFile; fileRef = A56200BADCCD0766AE0D429F /* FavoritesStore.swift */; };
		C4DACA218B54231CA96E335C /* ConversationExporter.swift in Sources */ = {isa = PBXBuildFile; fileRef = DA0E20CC035E11E0C9615EDB /* ConversationExporter.swift */; };
		C6654BF5F9919C4F487B8FC1 /* SettingsView.swift in Sources */ = {isa = PBXBuildFile; fileRef = E35C0AAFF7D2C70C8E2A87CD /* SettingsView.swift */; };
		C78996E9CA30ECC970C788A5 /* PromptInsertSheet.swift in Sources */ = {isa = PBXBuildFile; fileRef = 9225F3D1DFEE437FE2D4A831 /* PromptInsertSheet.swift */; };
		CA87B2B5A5F436A16EB363A1 /* WatchProvisioning.swift in Sources */ = {isa = PBXBuildFile; fileRef = 98A906B0B941174A4522ACB4 /* WatchProvisioning.swift */; };
		CD04901B5FD0DC27455DEA7E /* SharedInbox.swift in Sources */ = {isa = PBXBuildFile; fileRef = C3F11DFFB8A9FFE6DB50744E /* SharedInbox.swift */; };
		CDFC3FDA672F91DD8D4625D8 /* PromptLibraryView.swift in Sources */ = {isa = PBXBuildFile; fileRef = 1702AA0FBEAF53BA209851D3 /* PromptLibraryView.swift */; };
		CFA048418CE5060B3A8F1948 /* KnowledgeView.swift in Sources */ = {isa = PBXBuildFile; fileRef = 24972427100FFEF10F125CA6 /* KnowledgeView.swift */; };
		CFF9005E44B1ED1F91895360 /* MemoryExtractor.swift in Sources */ = {isa = PBXBuildFile; fileRef = 59EBF4CDBC6CBE88276707F4 /* MemoryExtractor.swift */; };
		D37D3E8240DEB54160D94C8F /* MacClipboardActions.swift in Sources */ = {isa = PBXBuildFile; fileRef = 0BB288DCD6F24E1A079F84CD /* MacClipboardActions.swift */; };
		D45CCB09544429246689C809 /* TTSConfig.swift in Sources */ = {isa = PBXBuildFile; fileRef = 04A1D89FDE418310F86252CD /* TTSConfig.swift */; };
		D7CFCCB6B48B7C5B8C1BD753 /* ToolRouter.swift in Sources */ = {isa = PBXBuildFile; fileRef = AA6FD3F87CC14D2137033982 /* ToolRouter.swift */; };
		DE2F9170F1B8CA0B9EB0A70B /* ScheduledTask.swift in Sources */ = {isa = PBXBuildFile; fileRef = 21BD6D3F7F8646A42D81AF05 /* ScheduledTask.swift */; };
		DEFDBEA0F65071DB6F94261A /* PendingFileWritesView.swift in Sources */ = {isa = PBXBuildFile; fileRef = 5A556D42C7BC4D52477DBD55 /* PendingFileWritesView.swift */; };
		E1EDD91FC9A168156721DE1C /* MCPSession.swift in Sources */ = {isa = PBXBuildFile; fileRef = 1BCC447C25F1D74B5D5EDB23 /* MCPSession.swift */; };
		E3D67524B05E79C3A1292833 /* SynthesisService.swift in Sources */ = {isa = PBXBuildFile; fileRef = 42775EDE891788EC6007019D /* SynthesisService.swift */; };
		E476A4B522B8A761BE0D6B5F /* SidebarView.swift in Sources */ = {isa = PBXBuildFile; fileRef = F6FD94D467DED20B51080333 /* SidebarView.swift */; };
		E5E2A454A6F97E841940F174 /* InputBarView.swift in Sources */ = {isa = PBXBuildFile; fileRef = C04EF4455512C9A909E259AD /* InputBarView.swift */; };
		E64396294AA8548734D2685A /* ModelLeaderboardStore.swift in Sources */ = {isa = PBXBuildFile; fileRef = 32D8C894F98EB9753795AB5A /* ModelLeaderboardStore.swift */; };
		E75F3AE6650D9CA6487EEE8E /* AppViewModel+GitHub.swift in Sources */ = {isa = PBXBuildFile; fileRef = 9C5B0D8D92210F6F94901E06 /* AppViewModel+GitHub.swift */; };
		EA1AC8AA47EB259469AA9204 /* MCPStore.swift in Sources */ = {isa = PBXBuildFile; fileRef = ADF164D41A452DE898CC5160 /* MCPStore.swift */; };
		EA91D719497A9303E2E38C52 /* KownApp.swift in Sources */ = {isa = PBXBuildFile; fileRef = 0DF6818851B93421ECA4E3A9 /* KownApp.swift */; };
		EB6A0B7FE348DA2E94CAE8E3 /* PromptHistoryStore.swift in Sources */ = {isa = PBXBuildFile; fileRef = 525A51A1B37FA00A2DCF4B6F /* PromptHistoryStore.swift */; };
		EEA8F14429184B1E38987127 /* ScreenCaptureService.swift in Sources */ = {isa = PBXBuildFile; fileRef = EBAB7FE3B047B2689C6E2154 /* ScreenCaptureService.swift */; };
		F0953BA6E5330BF4636D5D12 /* BatchRunner.swift in Sources */ = {isa = PBXBuildFile; fileRef = C55B3E38FB52C4C951FD64CE /* BatchRunner.swift */; };
		F0CADAAA5F7EB7BA7F2B0EA8 /* MCPClient.swift in Sources */ = {isa = PBXBuildFile; fileRef = 67C2675B072A72E2CEB50490 /* MCPClient.swift */; };
		F47BB04D8BCD8BBA2C24E330 /* BatchView.swift in Sources */ = {isa = PBXBuildFile; fileRef = E395E7665EAC86B4FBEC1347 /* BatchView.swift */; };
		F4C77E26BD20157F6876DA94 /* mermaid.min.js in Resources */ = {isa = PBXBuildFile; fileRef = 3AF0B73E94B3B2509FB1EBAF /* mermaid.min.js */; };
		F4FB87D057B9B4488BD8BF9D /* Provider.swift in Sources */ = {isa = PBXBuildFile; fileRef = D670400A46606C585819F2CC /* Provider.swift */; };
		F67A36CA947A0CC0BCDB0188 /* VoteResultsCard.swift in Sources */ = {isa = PBXBuildFile; fileRef = 98E7319E6BE7F6B2EC8EA43A /* VoteResultsCard.swift */; };
		F727C3615DE3849FDB843581 /* PerformanceSettingsView.swift in Sources */ = {isa = PBXBuildFile; fileRef = C784D052713746629D4DCA0E /* PerformanceSettingsView.swift */; };
/* End PBXBuildFile section */

/* Begin PBXFileReference section */
		018F8104DC4500AA2A85C7D0 /* RootView.swift */ = {isa = PBXFileReference; lastKnownFileType = sourcecode.swift; path = RootView.swift; sourceTree = "<group>"; };
		024CBFE5F4874DACF9F38D7E /* MCPSettingsView.swift */ = {isa = PBXFileReference; lastKnownFileType = sourcecode.swift; path = MCPSettingsView.swift; sourceTree = "<group>"; };
		04A1D89FDE418310F86252CD /* TTSConfig.swift */ = {isa = PBXFileReference; lastKnownFileType = sourcecode.swift; path = TTSConfig.swift; sourceTree = "<group>"; };
		04CEE855B57F844FAE5C0B10 /* AppViewModel+Consensus.swift */ = {isa = PBXFileReference; lastKnownFileType = sourcecode.swift; path = "AppViewModel+Consensus.swift"; sourceTree = "<group>"; };
		05A8F081BDEB4322EE872674 /* ConversationStore.swift */ = {isa = PBXFileReference; lastKnownFileType = sourcecode.swift; path = ConversationStore.swift; sourceTree = "<group>"; };
		066FE4203C9EF0565D456149 /* AnthropicClient.swift */ = {isa = PBXFileReference; lastKnownFileType = sourcecode.swift; path = AnthropicClient.swift; sourceTree = "<group>"; };
		0687940C49D7DC9598C4D2AE /* LLMStreamChunk.swift */ = {isa = PBXFileReference; lastKnownFileType = sourcecode.swift; path = LLMStreamChunk.swift; sourceTree = "<group>"; };
		0749B24CA1D69C9404037BCC /* BackupSettingsView.swift */ = {isa = PBXFileReference; lastKnownFileType = sourcecode.swift; path = BackupSettingsView.swift; sourceTree = "<group>"; };
		09057190F5E6BC906966FBB1 /* AppViewModel+Knowledge.swift */ = {isa = PBXFileReference; lastKnownFileType = sourcecode.swift; path = "AppViewModel+Knowledge.swift"; sourceTree = "<group>"; };
		09F9C0C72C5E6B8BE0912EC5 /* FirecrawlClient.swift */ = {isa = PBXFileReference; lastKnownFileType = sourcecode.swift; path = FirecrawlClient.swift; sourceTree = "<group>"; };
		0BA2DF2D3D56CD5E2A5C1119 /* ArtifactBlock.swift */ = {isa = PBXFileReference; lastKnownFileType = sourcecode.swift; path = ArtifactBlock.swift; sourceTree = "<group>"; };
		0BB288DCD6F24E1A079F84CD /* MacClipboardActions.swift */ = {isa = PBXFileReference; lastKnownFileType = sourcecode.swift; path = MacClipboardActions.swift; sourceTree = "<group>"; };
		0D645C797069A3DE2337B644 /* MCPServer.swift */ = {isa = PBXFileReference; lastKnownFileType = sourcecode.swift; path = MCPServer.swift; sourceTree = "<group>"; };
		0DA6D1FF8E4A123472626AAD /* NeuralTTS.swift */ = {isa = PBXFileReference; lastKnownFileType = sourcecode.swift; path = NeuralTTS.swift; sourceTree = "<group>"; };
		0DF6818851B93421ECA4E3A9 /* KownApp.swift */ = {isa = PBXFileReference; lastKnownFileType = sourcecode.swift; path = KownApp.swift; sourceTree = "<group>"; };
		0EB39177D9D2AFD88D8C099E /* UpdateSettingsView.swift */ = {isa = PBXFileReference; lastKnownFileType = sourcecode.swift; path = UpdateSettingsView.swift; sourceTree = "<group>"; };
		1579F4433E6315F8F389A769 /* CLIPendingPrompt.swift */ = {isa = PBXFileReference; lastKnownFileType = sourcecode.swift; path = CLIPendingPrompt.swift; sourceTree = "<group>"; };
		1702AA0FBEAF53BA209851D3 /* PromptLibraryView.swift */ = {isa = PBXFileReference; lastKnownFileType = sourcecode.swift; path = PromptLibraryView.swift; sourceTree = "<group>"; };
		19C42B62D779696D4A48F9C7 /* ModeTabsView.swift */ = {isa = PBXFileReference; lastKnownFileType = sourcecode.swift; path = ModeTabsView.swift; sourceTree = "<group>"; };
		1B277A0EF8E90BFCABD0584E /* ReasoningDisclosure.swift */ = {isa = PBXFileReference; lastKnownFileType = sourcecode.swift; path = ReasoningDisclosure.swift; sourceTree = "<group>"; };
		1B7F9872024209C57342066E /* ProviderRegistry.swift */ = {isa = PBXFileReference; lastKnownFileType = sourcecode.swift; path = ProviderRegistry.swift; sourceTree = "<group>"; };
		1BCC447C25F1D74B5D5EDB23 /* MCPSession.swift */ = {isa = PBXFileReference; lastKnownFileType = sourcecode.swift; path = MCPSession.swift; sourceTree = "<group>"; };
		1EC284496AF678C1CD74658F /* MemoryStore.swift */ = {isa = PBXFileReference; lastKnownFileType = sourcecode.swift; path = MemoryStore.swift; sourceTree = "<group>"; };
		21BD6D3F7F8646A42D81AF05 /* ScheduledTask.swift */ = {isa = PBXFileReference; lastKnownFileType = sourcecode.swift; path = ScheduledTask.swift; sourceTree = "<group>"; };
		21F94470D49A4D70D3AFD557 /* SkillRouter.swift */ = {isa = PBXFileReference; lastKnownFileType = sourcecode.swift; path = SkillRouter.swift; sourceTree = "<group>"; };
		24972427100FFEF10F125CA6 /* KnowledgeView.swift */ = {isa = PBXFileReference; lastKnownFileType = sourcecode.swift; path = KnowledgeView.swift; sourceTree = "<group>"; };
		26CAD432F91BE031EB0B7CBD /* ResponseState.swift */ = {isa = PBXFileReference; lastKnownFileType = sourcecode.swift; path = ResponseState.swift; sourceTree = "<group>"; };
		2B0DA510C06622816A4DCB83 /* CompareTurnsView.swift */ = {isa = PBXFileReference; lastKnownFileType = sourcecode.swift; path = CompareTurnsView.swift; sourceTree = "<group>"; };
		2BA28F122FF3BA73CED7836F /* EditTurnSheet.swift */ = {isa = PBXFileReference; lastKnownFileType = sourcecode.swift; path = EditTurnSheet.swift; sourceTree = "<group>"; };
		2CB350AD24EA8294A96ECF89 /* MemorySettingsView.swift */ = {isa = PBXFileReference; lastKnownFileType = sourcecode.swift; path = MemorySettingsView.swift; sourceTree = "<group>"; };
		3217D675229F2C856721ACD3 /* PromptBuilders.swift */ = {isa = PBXFileReference; lastKnownFileType = sourcecode.swift; path = PromptBuilders.swift; sourceTree = "<group>"; };
		32D8C894F98EB9753795AB5A /* ModelLeaderboardStore.swift */ = {isa = PBXFileReference; lastKnownFileType = sourcecode.swift; path = ModelLeaderboardStore.swift; sourceTree = "<group>"; };
		330B0594740131BC9AD86870 /* OCRService.swift */ = {isa = PBXFileReference; lastKnownFileType = sourcecode.swift; path = OCRService.swift; sourceTree = "<group>"; };
		347ED1793B406F4531957878 /* ActiveProviderBar.swift */ = {isa = PBXFileReference; lastKnownFileType = sourcecode.swift; path = ActiveProviderBar.swift; sourceTree = "<group>"; };
		34C72CDAE2197001F9B3E4B0 /* GeminiClient.swift */ = {isa = PBXFileReference; lastKnownFileType = sourcecode.swift; path = GeminiClient.swift; sourceTree = "<group>"; };
		388EA7D29142973723D271A4 /* CHANGELOG.md */ = {isa = PBXFileReference; lastKnownFileType = net.daringfireball.markdown; path = CHANGELOG.md; sourceTree = "<group>"; };
		3AF0B73E94B3B2509FB1EBAF /* mermaid.min.js */ = {isa = PBXFileReference; lastKnownFileType = sourcecode.javascript; path = mermaid.min.js; sourceTree = "<group>"; };
		3B088C91A6C7E5BF2D288E27 /* DebugLogStore.swift */ = {isa = PBXFileReference; lastKnownFileType = sourcecode.swift; path = DebugLogStore.swift; sourceTree = "<group>"; };
		3B89CBF68EB3E3C96645753F /* SkillsStore.swift */ = {isa = PBXFileReference; lastKnownFileType = sourcecode.swift; path = SkillsStore.swift; sourceTree = "<group>"; };
		3C593599EB8BDECA69569492 /* DirectTurnsView.swift */ = {isa = PBXFileReference; lastKnownFileType = sourcecode.swift; path = DirectTurnsView.swift; sourceTree = "<group>"; };
		3D4EA7619BEC7C23D6F739E0 /* CLICommandClient.swift */ = {isa = PBXFileReference; lastKnownFileType = sourcecode.swift; path = CLICommandClient.swift; sourceTree = "<group>"; };
		413813311A24C7F55B0B1C3D /* EventKitService.swift */ = {isa = PBXFileReference; lastKnownFileType = sourcecode.swift; path = EventKitService.swift; sourceTree = "<group>"; };
		420FF2930F0FAD150168F93A /* ChainView.swift */ = {isa = PBXFileReference; lastKnownFileType = sourcecode.swift; path = ChainView.swift; sourceTree = "<group>"; };
		42775EDE891788EC6007019D /* SynthesisService.swift */ = {isa = PBXFileReference; lastKnownFileType = sourcecode.swift; path = SynthesisService.swift; sourceTree = "<group>"; };
		461939F39D73ACC5E7E54AE4 /* AnswerCardImage.swift */ = {isa = PBXFileReference; lastKnownFileType = sourcecode.swift; path = AnswerCardImage.swift; sourceTree = "<group>"; };
		48E9B8329F5CC2F2805D1192 /* SourcesStrip.swift */ = {isa = PBXFileReference; lastKnownFileType = sourcecode.swift; path = SourcesStrip.swift; sourceTree = "<group>"; };
		4B2FF343C76EE2CFEBA65443 /* ChangelogView.swift */ = {isa = PBXFileReference; lastKnownFileType = sourcecode.swift; path = ChangelogView.swift; sourceTree = "<group>"; };
		4B33D99C78787CD1C29BF517 /* WorkspaceManager.swift */ = {isa = PBXFileReference; lastKnownFileType = sourcecode.swift; path = WorkspaceManager.swift; sourceTree = "<group>"; };
		4BA092EA11A22D3DD7476DB9 /* EvalRunner.swift */ = {isa = PBXFileReference; lastKnownFileType = sourcecode.swift; path = EvalRunner.swift; sourceTree = "<group>"; };
		4E4E094E41276DCD5885F54E /* SyntaxHighlighter.swift */ = {isa = PBXFileReference; lastKnownFileType = sourcecode.swift; path = SyntaxHighlighter.swift; sourceTree = "<group>"; };
		5025B9B883A8A0770DBE2E56 /* UsageDashboardView.swift */ = {isa = PBXFileReference; lastKnownFileType = sourcecode.swift; path = UsageDashboardView.swift; sourceTree = "<group>"; };
		525A51A1B37FA00A2DCF4B6F /* PromptHistoryStore.swift */ = {isa = PBXFileReference; lastKnownFileType = sourcecode.swift; path = PromptHistoryStore.swift; sourceTree = "<group>"; };
		533F50E542CD7B7960E479B7 /* ChangelogService.swift */ = {isa = PBXFileReference; lastKnownFileType = sourcecode.swift; path = ChangelogService.swift; sourceTree = "<group>"; };
		54326FD74E1BB58DB142BD41 /* SpeechService.swift */ = {isa = PBXFileReference; lastKnownFileType = sourcecode.swift; path = SpeechService.swift; sourceTree = "<group>"; };
		54B67667B508E117497DA079 /* SkillsLibraryView.swift */ = {isa = PBXFileReference; lastKnownFileType = sourcecode.swift; path = SkillsLibraryView.swift; sourceTree = "<group>"; };
		553F6E511AFFCE5F05104903 /* ResponseColumnView.swift */ = {isa = PBXFileReference; lastKnownFileType = sourcecode.swift; path = ResponseColumnView.swift; sourceTree = "<group>"; };
		55807471674193550205CB3F /* TTSSettingsView.swift */ = {isa = PBXFileReference; lastKnownFileType = sourcecode.swift; path = TTSSettingsView.swift; sourceTree = "<group>"; };
		562385EBC43DEA8BBCE4DC0E /* LeaderboardView.swift */ = {isa = PBXFileReference; lastKnownFileType = sourcecode.swift; path = LeaderboardView.swift; sourceTree = "<group>"; };
		59EBF4CDBC6CBE88276707F4 /* MemoryExtractor.swift */ = {isa = PBXFileReference; lastKnownFileType = sourcecode.swift; path = MemoryExtractor.swift; sourceTree = "<group>"; };
		5A556D42C7BC4D52477DBD55 /* PendingFileWritesView.swift */ = {isa = PBXFileReference; lastKnownFileType = sourcecode.swift; path = PendingFileWritesView.swift; sourceTree = "<group>"; };
		5AC95562809F5AF550A126CA /* ConsensusAnalyzer.swift */ = {isa = PBXFileReference; lastKnownFileType = sourcecode.swift; path = ConsensusAnalyzer.swift; sourceTree = "<group>"; };
		5C96EADA0BB6C979EC985AA8 /* ConversationImageStore.swift */ = {isa = PBXFileReference; lastKnownFileType = sourcecode.swift; path = ConversationImageStore.swift; sourceTree = "<group>"; };
		5E078A60A74F157B421B7AF9 /* Kown.app */ = {isa = PBXFileReference; explicitFileType = wrapper.application; includeInIndex = 0; path = Kown.app; sourceTree = BUILT_PRODUCTS_DIR; };
		5E8B537708352E5EA070D4FE /* PromptChain.swift */ = {isa = PBXFileReference; lastKnownFileType = sourcecode.swift; path = PromptChain.swift; sourceTree = "<group>"; };
		659CE456B599235C3F87F724 /* StructuredTurnsView.swift */ = {isa = PBXFileReference; lastKnownFileType = sourcecode.swift; path = StructuredTurnsView.swift; sourceTree = "<group>"; };
		6652CB52E9921B5880BDFCFB /* OpenAICompatibleClient.swift */ = {isa = PBXFileReference; lastKnownFileType = sourcecode.swift; path = OpenAICompatibleClient.swift; sourceTree = "<group>"; };
		6663CD10F8744DA80CB7B71A /* FavoritesSettingsView.swift */ = {isa = PBXFileReference; lastKnownFileType = sourcecode.swift; path = FavoritesSettingsView.swift; sourceTree = "<group>"; };
		671D479F29E08EBEC1F1B685 /* KnowledgeFolder.swift */ = {isa = PBXFileReference; lastKnownFileType = sourcecode.swift; path = KnowledgeFolder.swift; sourceTree = "<group>"; };
		67C2675B072A72E2CEB50490 /* MCPClient.swift */ = {isa = PBXFileReference; lastKnownFileType = sourcecode.swift; path = MCPClient.swift; sourceTree = "<group>"; };
		6B0217F7D7A92EDDECE5FB93 /* TextDiff.swift */ = {isa = PBXFileReference; lastKnownFileType = sourcecode.swift; path = TextDiff.swift; sourceTree = "<group>"; };
		6B29360ED33194AE1781A5D7 /* ICloudSyncSettingsView.swift */ = {isa = PBXFileReference; lastKnownFileType = sourcecode.swift; path = ICloudSyncSettingsView.swift; sourceTree = "<group>"; };
		6BBFEBEFE06B752D3EBC48F5 /* Assets.xcassets */ = {isa = PBXFileReference; lastKnownFileType = folder.assetcatalog; path = Assets.xcassets; sourceTree = "<group>"; };
		6E83E1B5507154C0CF88A953 /* ICloudSync.swift */ = {isa = PBXFileReference; lastKnownFileType = sourcecode.swift; path = ICloudSync.swift; sourceTree = "<group>"; };
		7001CD7173A6003309E0338A /* CrashLogger.swift */ = {isa = PBXFileReference; lastKnownFileType = sourcecode.swift; path = CrashLogger.swift; sourceTree = "<group>"; };
		72040293D5A0D231EEE07149 /* ResponseLogger.swift */ = {isa = PBXFileReference; lastKnownFileType = sourcecode.swift; path = ResponseLogger.swift; sourceTree = "<group>"; };
		74F9068B4A8CF8A86C53E00F /* GitHubConnectViews.swift */ = {isa = PBXFileReference; lastKnownFileType = sourcecode.swift; path = GitHubConnectViews.swift; sourceTree = "<group>"; };
		74FECDB1C53A73FB4AD2834E /* AppViewModel.swift */ = {isa = PBXFileReference; lastKnownFileType = sourcecode.swift; path = AppViewModel.swift; sourceTree = "<group>"; };
		750A73703E624AF5DF0F7396 /* KeychainStore.swift */ = {isa = PBXFileReference; lastKnownFileType = sourcecode.swift; path = KeychainStore.swift; sourceTree = "<group>"; };
		762CDAD4AAD71ABC98CDFAEA /* ArtifactExtractor.swift */ = {isa = PBXFileReference; lastKnownFileType = sourcecode.swift; path = ArtifactExtractor.swift; sourceTree = "<group>"; };
		76AB6AD7E15CBA3A53F08289 /* SelfReflectionService.swift */ = {isa = PBXFileReference; lastKnownFileType = sourcecode.swift; path = SelfReflectionService.swift; sourceTree = "<group>"; };
		771773281D26F968C16B0B27 /* ConsensusPanel.swift */ = {isa = PBXFileReference; lastKnownFileType = sourcecode.swift; path = ConsensusPanel.swift; sourceTree = "<group>"; };
		79D93DCE4450889A1414E77A /* LocalRAG.swift */ = {isa = PBXFileReference; lastKnownFileType = sourcecode.swift; path = LocalRAG.swift; sourceTree = "<group>"; };
		7C7B12B5A033AA11149DE807 /* UsageStore.swift */ = {isa = PBXFileReference; lastKnownFileType = sourcecode.swift; path = UsageStore.swift; sourceTree = "<group>"; };
		7D15668AF900399F979125EC /* Skill.swift */ = {isa = PBXFileReference; lastKnownFileType = sourcecode.swift; path = Skill.swift; sourceTree = "<group>"; };
		7F7B923F73F349AB7977FA59 /* NotesService.swift */ = {isa = PBXFileReference; lastKnownFileType = sourcecode.swift; path = NotesService.swift; sourceTree = "<group>"; };
		82EB90C2CBC242E2F937C9A7 /* AgentStepsView.swift */ = {isa = PBXFileReference; lastKnownFileType = sourcecode.swift; path = AgentStepsView.swift; sourceTree = "<group>"; };
		8368D4FE0B95B2D8424C6F03 /* ProviderModelCatalog.swift */ = {isa = PBXFileReference; lastKnownFileType = sourcecode.swift; path = ProviderModelCatalog.swift; sourceTree = "<group>"; };
		873F7E37B2B95E3CCF589112 /* XunfeiTTSEngine.swift */ = {isa = PBXFileReference; lastKnownFileType = sourcecode.swift; path = XunfeiTTSEngine.swift; sourceTree = "<group>"; };
		88D780422A7B7696C677A8B2 /* MarkdownText.swift */ = {isa = PBXFileReference; lastKnownFileType = sourcecode.swift; path = MarkdownText.swift; sourceTree = "<group>"; };
		89AE2BC7830F259147BB4759 /* HTMLExporter.swift */ = {isa = PBXFileReference; lastKnownFileType = sourcecode.swift; path = HTMLExporter.swift; sourceTree = "<group>"; };
		8A6F20A976B98805EACD3A0C /* BackupStore.swift */ = {isa = PBXFileReference; lastKnownFileType = sourcecode.swift; path = BackupStore.swift; sourceTree = "<group>"; };
		8DEFC40E9873DEDC8D163DAF /* WebSearchSettingsView.swift */ = {isa = PBXFileReference; lastKnownFileType = sourcecode.swift; path = WebSearchSettingsView.swift; sourceTree = "<group>"; };
		9225F3D1DFEE437FE2D4A831 /* PromptInsertSheet.swift */ = {isa = PBXFileReference; lastKnownFileType = sourcecode.swift; path = PromptInsertSheet.swift; sourceTree = "<group>"; };
		92FA792E1FD684E441AFF1C3 /* VoiceConversationView.swift */ = {isa = PBXFileReference; lastKnownFileType = sourcecode.swift; path = VoiceConversationView.swift; sourceTree = "<group>"; };
		974DDC497B491A654C442311 /* DebugLogSettingsView.swift */ = {isa = PBXFileReference; lastKnownFileType = sourcecode.swift; path = DebugLogSettingsView.swift; sourceTree = "<group>"; };
		98A906B0B941174A4522ACB4 /* WatchProvisioning.swift */ = {isa = PBXFileReference; lastKnownFileType = sourcecode.swift; path = WatchProvisioning.swift; sourceTree = "<group>"; };
		98E7319E6BE7F6B2EC8EA43A /* VoteResultsCard.swift */ = {isa = PBXFileReference; lastKnownFileType = sourcecode.swift; path = VoteResultsCard.swift; sourceTree = "<group>"; };
		9C5B0D8D92210F6F94901E06 /* AppViewModel+GitHub.swift */ = {isa = PBXFileReference; lastKnownFileType = sourcecode.swift; path = "AppViewModel+GitHub.swift"; sourceTree = "<group>"; };
		9E0D438CD7811C2A3386D118 /* EvalView.swift */ = {isa = PBXFileReference; lastKnownFileType = sourcecode.swift; path = EvalView.swift; sourceTree = "<group>"; };
		9F5CB491914AA4CAB793A5D3 /* BackgroundAudioKeepalive.swift */ = {isa = PBXFileReference; lastKnownFileType = sourcecode.swift; path = BackgroundAudioKeepalive.swift; sourceTree = "<group>"; };
		A1FBF5DD5C29AF37AE57C20C /* CitationSourceSheet.swift */ = {isa = PBXFileReference; lastKnownFileType = sourcecode.swift; path = CitationSourceSheet.swift; sourceTree = "<group>"; };
		A248FDD45EDA5637FD9DD508 /* MacQuickAsk.swift */ = {isa = PBXFileReference; lastKnownFileType = sourcecode.swift; path = MacQuickAsk.swift; sourceTree = "<group>"; };
		A55C1B3F3EC47EECACFBC5A5 /* GitHubService.swift */ = {isa = PBXFileReference; lastKnownFileType = sourcecode.swift; path = GitHubService.swift; sourceTree = "<group>"; };
		A56200BADCCD0766AE0D429F /* FavoritesStore.swift */ = {isa = PBXFileReference; lastKnownFileType = sourcecode.swift; path = FavoritesStore.swift; sourceTree = "<group>"; };
		A6E3D82CE18FAF01C9C7F884 /* ConversationPromptSheet.swift */ = {isa = PBXFileReference; lastKnownFileType = sourcecode.swift; path = ConversationPromptSheet.swift; sourceTree = "<group>"; };
		A7FB6008C2D33BD132FB334F /* MainContentView.swift */ = {isa = PBXFileReference; lastKnownFileType = sourcecode.swift; path = MainContentView.swift; sourceTree = "<group>"; };
		A9291B3B56DB780E4D639C95 /* KownTheme.swift */ = {isa = PBXFileReference; lastKnownFileType = sourcecode.swift; path = KownTheme.swift; sourceTree = "<group>"; };
		A982064C52DD9EEC1F8DA9BE /* SchedulerView.swift */ = {isa = PBXFileReference; lastKnownFileType = sourcecode.swift; path = SchedulerView.swift; sourceTree = "<group>"; };
		AA6FD3F87CC14D2137033982 /* ToolRouter.swift */ = {isa = PBXFileReference; lastKnownFileType = sourcecode.swift; path = ToolRouter.swift; sourceTree = "<group>"; };
		ADF164D41A452DE898CC5160 /* MCPStore.swift */ = {isa = PBXFileReference; lastKnownFileType = sourcecode.swift; path = MCPStore.swift; sourceTree = "<group>"; };
		B71C6F5AB4A30C9729DA6449 /* ArtifactPreviewView.swift */ = {isa = PBXFileReference; lastKnownFileType = sourcecode.swift; path = ArtifactPreviewView.swift; sourceTree = "<group>"; };
		B85A21C1BBF19EC1C0455BA0 /* UpdaterService.swift */ = {isa = PBXFileReference; lastKnownFileType = sourcecode.swift; path = UpdaterService.swift; sourceTree = "<group>"; };
		BC7D92B52EAE43EE683B8A7C /* SchedulerService.swift */ = {isa = PBXFileReference; lastKnownFileType = sourcecode.swift; path = SchedulerService.swift; sourceTree = "<group>"; };
		C04EF4455512C9A909E259AD /* InputBarView.swift */ = {isa = PBXFileReference; lastKnownFileType = sourcecode.swift; path = InputBarView.swift; sourceTree = "<group>"; };
		C0A3D89ADD65423F2712AAAE /* FactCheckService.swift */ = {isa = PBXFileReference; lastKnownFileType = sourcecode.swift; path = FactCheckService.swift; sourceTree = "<group>"; };
		C2E90577A55CCD1403A79417 /* QuestionRouter.swift */ = {isa = PBXFileReference; lastKnownFileType = sourcecode.swift; path = QuestionRouter.swift; sourceTree = "<group>"; };
		C3F11DFFB8A9FFE6DB50744E /* SharedInbox.swift */ = {isa = PBXFileReference; lastKnownFileType = sourcecode.swift; path = SharedInbox.swift; sourceTree = "<group>"; };
		C4FAB15E12FFD38053F8D124 /* ConversationImageView.swift */ = {isa = PBXFileReference; lastKnownFileType = sourcecode.swift; path = ConversationImageView.swift; sourceTree = "<group>"; };
		C55ADFE111F5EA812F1CBAFC /* EmptyStateCard.swift */ = {isa = PBXFileReference; lastKnownFileType = sourcecode.swift; path = EmptyStateCard.swift; sourceTree = "<group>"; };
		C55B3E38FB52C4C951FD64CE /* BatchRunner.swift */ = {isa = PBXFileReference; lastKnownFileType = sourcecode.swift; path = BatchRunner.swift; sourceTree = "<group>"; };
		C635BF4CA8D4A79975C77578 /* PromptLibraryStore.swift */ = {isa = PBXFileReference; lastKnownFileType = sourcecode.swift; path = PromptLibraryStore.swift; sourceTree = "<group>"; };
		C7667D7656095A4C06D33EDC /* UsageSettingsView.swift */ = {isa = PBXFileReference; lastKnownFileType = sourcecode.swift; path = UsageSettingsView.swift; sourceTree = "<group>"; };
		C784D052713746629D4DCA0E /* PerformanceSettingsView.swift */ = {isa = PBXFileReference; lastKnownFileType = sourcecode.swift; path = PerformanceSettingsView.swift; sourceTree = "<group>"; };
		C7DAAA51347C72D66295BA63 /* ConversationSummarizer.swift */ = {isa = PBXFileReference; lastKnownFileType = sourcecode.swift; path = ConversationSummarizer.swift; sourceTree = "<group>"; };
		CA5805505A4905663EE74CE7 /* DeviceToolsSettingsView.swift */ = {isa = PBXFileReference; lastKnownFileType = sourcecode.swift; path = DeviceToolsSettingsView.swift; sourceTree = "<group>"; };
		CE5C4405041E203FC52EA1BA /* DebateTurnsView.swift */ = {isa = PBXFileReference; lastKnownFileType = sourcecode.swift; path = DebateTurnsView.swift; sourceTree = "<group>"; };
		CE6EDBB6EE19B3E06EB8BA46 /* BackgroundCompanion.swift */ = {isa = PBXFileReference; lastKnownFileType = sourcecode.swift; path = BackgroundCompanion.swift; sourceTree = "<group>"; };
		CFDDC6E57D56E5FE87D2E871 /* AskKownIntent.swift */ = {isa = PBXFileReference; lastKnownFileType = sourcecode.swift; path = AskKownIntent.swift; sourceTree = "<group>"; };
		D025C7805F828C5A7D33766C /* WrappingHStack.swift */ = {isa = PBXFileReference; lastKnownFileType = sourcecode.swift; path = WrappingHStack.swift; sourceTree = "<group>"; };
		D543C2F2DA02ECE5F5FAE137 /* CouncilTurnsView.swift */ = {isa = PBXFileReference; lastKnownFileType = sourcecode.swift; path = CouncilTurnsView.swift; sourceTree = "<group>"; };
		D670400A46606C585819F2CC /* Provider.swift */ = {isa = PBXFileReference; lastKnownFileType = sourcecode.swift; path = Provider.swift; sourceTree = "<group>"; };
		D76436AAFFE48E40E499C438 /* ProviderRowView.swift */ = {isa = PBXFileReference; lastKnownFileType = sourcecode.swift; path = ProviderRowView.swift; sourceTree = "<group>"; };
		D81083A7840915BC31B8ED68 /* TurnComponents.swift */ = {isa = PBXFileReference; lastKnownFileType = sourcecode.swift; path = TurnComponents.swift; sourceTree = "<group>"; };
		DA0E20CC035E11E0C9615EDB /* ConversationExporter.swift */ = {isa = PBXFileReference; lastKnownFileType = sourcecode.swift; path = ConversationExporter.swift; sourceTree = "<group>"; };
		DBFEC89F18F75162E6DE8151 /* ChainRunner.swift */ = {isa = PBXFileReference; lastKnownFileType = sourcecode.swift; path = ChainRunner.swift; sourceTree = "<group>"; };
		DC18A3107707274492A4E4E3 /* Platform.swift */ = {isa = PBXFileReference; lastKnownFileType = sourcecode.swift; path = Platform.swift; sourceTree = "<group>"; };
		DD0634339284A0A46BFDB9A1 /* ToolDefinition.swift */ = {isa = PBXFileReference; lastKnownFileType = sourcecode.swift; path = ToolDefinition.swift; sourceTree = "<group>"; };
		E35C0AAFF7D2C70C8E2A87CD /* SettingsView.swift */ = {isa = PBXFileReference; lastKnownFileType = sourcecode.swift; path = SettingsView.swift; sourceTree = "<group>"; };
		E395E7665EAC86B4FBEC1347 /* BatchView.swift */ = {isa = PBXFileReference; lastKnownFileType = sourcecode.swift; path = BatchView.swift; sourceTree = "<group>"; };
		E7535A84A46BDAE9B8137DC4 /* CommandPaletteView.swift */ = {isa = PBXFileReference; lastKnownFileType = sourcecode.swift; path = CommandPaletteView.swift; sourceTree = "<group>"; };
		E99E10045CA633CC12C339A4 /* ConversationRowView.swift */ = {isa = PBXFileReference; lastKnownFileType = sourcecode.swift; path = ConversationRowView.swift; sourceTree = "<group>"; };
		E9C7AC3CC81D28CC3EC26758 /* Conversation.swift */ = {isa = PBXFileReference; lastKnownFileType = sourcecode.swift; path = Conversation.swift; sourceTree = "<group>"; };
		EA814C2E69E49C2CE4217231 /* SSELineStream.swift */ = {isa = PBXFileReference; lastKnownFileType = sourcecode.swift; path = SSELineStream.swift; sourceTree = "<group>"; };
		EB232FF1B17C1DC9C5267ACB /* StructuredOutput.swift */ = {isa = PBXFileReference; lastKnownFileType = sourcecode.swift; path = StructuredOutput.swift; sourceTree = "<group>"; };
		EB64A12EBE235CC880ADEBA4 /* WebSearch.swift */ = {isa = PBXFileReference; lastKnownFileType = sourcecode.swift; path = WebSearch.swift; sourceTree = "<group>"; };
		EBAB7FE3B047B2689C6E2154 /* ScreenCaptureService.swift */ = {isa = PBXFileReference; lastKnownFileType = sourcecode.swift; path = ScreenCaptureService.swift; sourceTree = "<group>"; };
		ED3B4692DB0791298A87B40E /* Attachment.swift */ = {isa = PBXFileReference; lastKnownFileType = sourcecode.swift; path = Attachment.swift; sourceTree = "<group>"; };
		ED9F055252B0E1B2F621C0E9 /* ImageGenerationClient.swift */ = {isa = PBXFileReference; lastKnownFileType = sourcecode.swift; path = ImageGenerationClient.swift; sourceTree = "<group>"; };
		F22FFF375DFABC3EF84B7018 /* EscalationAdvisor.swift */ = {isa = PBXFileReference; lastKnownFileType = sourcecode.swift; path = EscalationAdvisor.swift; sourceTree = "<group>"; };
		F4592A4913C32C4F72D9FF27 /* AppViewModel+Send.swift */ = {isa = PBXFileReference; lastKnownFileType = sourcecode.swift; path = "AppViewModel+Send.swift"; sourceTree = "<group>"; };
		F66270B7AD94FD820AABAF62 /* LLMClient.swift */ = {isa = PBXFileReference; lastKnownFileType = sourcecode.swift; path = LLMClient.swift; sourceTree = "<group>"; };
		F6FD94D467DED20B51080333 /* SidebarView.swift */ = {isa = PBXFileReference; lastKnownFileType = sourcecode.swift; path = SidebarView.swift; sourceTree = "<group>"; };
		F76C7D4696CC94423AF396D7 /* SpeechRecognizer.swift */ = {isa = PBXFileReference; lastKnownFileType = sourcecode.swift; path = SpeechRecognizer.swift; sourceTree = "<group>"; };
		F831F2E5B5C5016211BC3EB7 /* TournamentTurnsView.swift */ = {isa = PBXFileReference; lastKnownFileType = sourcecode.swift; path = TournamentTurnsView.swift; sourceTree = "<group>"; };
		F8F6CE55B7CBED99EF0E804A /* ConversationSearchIndex.swift */ = {isa = PBXFileReference; lastKnownFileType = sourcecode.swift; path = ConversationSearchIndex.swift; sourceTree = "<group>"; };
		FA71FBE13D593A72767CC58F /* QualityCards.swift */ = {isa = PBXFileReference; lastKnownFileType = sourcecode.swift; path = QualityCards.swift; sourceTree = "<group>"; };
		FB798BE3CBF42C77E3822A8E /* EvalSuite.swift */ = {isa = PBXFileReference; lastKnownFileType = sourcecode.swift; path = EvalSuite.swift; sourceTree = "<group>"; };
		FCEFC36A7BA780C0DF612468 /* AppViewModel+Quality.swift */ = {isa = PBXFileReference; lastKnownFileType = sourcecode.swift; path = "AppViewModel+Quality.swift"; sourceTree = "<group>"; };
		FF3665F7CC1160042B72C8D6 /* LocalFileTool.swift */ = {isa = PBXFileReference; lastKnownFileType = sourcecode.swift; path = LocalFileTool.swift; sourceTree = "<group>"; };
/* End PBXFileReference section */

/* Begin PBXFrameworksBuildPhase section */
		06FFC319ED6903D03906A092 /* Frameworks */ = {
			isa = PBXFrameworksBuildPhase;
			buildActionMask = 2147483647;
			files = (
				5F5B8612E2826B0709CC10D2 /* MarkdownUI in Frameworks */,
				88EA49C0CEC2CC668CA6B995 /* Sparkle in Frameworks */,
			);
			runOnlyForDeploymentPostprocessing = 0;
		};
/* End PBXFrameworksBuildPhase section */

/* Begin PBXGroup section */
		1170A3BA7EB1DE2AF25ECE5F /* Sidebar */ = {
			isa = PBXGroup;
			children = (
				E99E10045CA633CC12C339A4 /* ConversationRowView.swift */,
				F6FD94D467DED20B51080333 /* SidebarView.swift */,
			);
			path = Sidebar;
			sourceTree = "<group>";
		};
		15A59B3B2CCF1CD52B004581 /* Resources */ = {
			isa = PBXGroup;
			children = (
				388EA7D29142973723D271A4 /* CHANGELOG.md */,
				3AF0B73E94B3B2509FB1EBAF /* mermaid.min.js */,
			);
			path = Resources;
			sourceTree = "<group>";
		};
		3F6C0AF2191A1BD8868C7A34 /* Views */ = {
			isa = PBXGroup;
			children = (
				347ED1793B406F4531957878 /* ActiveProviderBar.swift */,
				82EB90C2CBC242E2F937C9A7 /* AgentStepsView.swift */,
				461939F39D73ACC5E7E54AE4 /* AnswerCardImage.swift */,
				B71C6F5AB4A30C9729DA6449 /* ArtifactPreviewView.swift */,
				0749B24CA1D69C9404037BCC /* BackupSettingsView.swift */,
				E395E7665EAC86B4FBEC1347 /* BatchView.swift */,
				420FF2930F0FAD150168F93A /* ChainView.swift */,
				4B2FF343C76EE2CFEBA65443 /* ChangelogView.swift */,
				A1FBF5DD5C29AF37AE57C20C /* CitationSourceSheet.swift */,
				E7535A84A46BDAE9B8137DC4 /* CommandPaletteView.swift */,
				771773281D26F968C16B0B27 /* ConsensusPanel.swift */,
				C4FAB15E12FFD38053F8D124 /* ConversationImageView.swift */,
				A6E3D82CE18FAF01C9C7F884 /* ConversationPromptSheet.swift */,
				974DDC497B491A654C442311 /* DebugLogSettingsView.swift */,
				CA5805505A4905663EE74CE7 /* DeviceToolsSettingsView.swift */,
				2BA28F122FF3BA73CED7836F /* EditTurnSheet.swift */,
				C55ADFE111F5EA812F1CBAFC /* EmptyStateCard.swift */,
				9E0D438CD7811C2A3386D118 /* EvalView.swift */,
				6663CD10F8744DA80CB7B71A /* FavoritesSettingsView.swift */,
				74F9068B4A8CF8A86C53E00F /* GitHubConnectViews.swift */,
				6B29360ED33194AE1781A5D7 /* ICloudSyncSettingsView.swift */,
				C04EF4455512C9A909E259AD /* InputBarView.swift */,
				24972427100FFEF10F125CA6 /* KnowledgeView.swift */,
				562385EBC43DEA8BBCE4DC0E /* LeaderboardView.swift */,
				A7FB6008C2D33BD132FB334F /* MainContentView.swift */,
				88D780422A7B7696C677A8B2 /* MarkdownText.swift */,
				024CBFE5F4874DACF9F38D7E /* MCPSettingsView.swift */,
				2CB350AD24EA8294A96ECF89 /* MemorySettingsView.swift */,
				19C42B62D779696D4A48F9C7 /* ModeTabsView.swift */,
				5A556D42C7BC4D52477DBD55 /* PendingFileWritesView.swift */,
				C784D052713746629D4DCA0E /* PerformanceSettingsView.swift */,
				9225F3D1DFEE437FE2D4A831 /* PromptInsertSheet.swift */,
				1702AA0FBEAF53BA209851D3 /* PromptLibraryView.swift */,
				D76436AAFFE48E40E499C438 /* ProviderRowView.swift */,
				FA71FBE13D593A72767CC58F /* QualityCards.swift */,
				1B277A0EF8E90BFCABD0584E /* ReasoningDisclosure.swift */,
				553F6E511AFFCE5F05104903 /* ResponseColumnView.swift */,
				018F8104DC4500AA2A85C7D0 /* RootView.swift */,
				A982064C52DD9EEC1F8DA9BE /* SchedulerView.swift */,
				E35C0AAFF7D2C70C8E2A87CD /* SettingsView.swift */,
				54B67667B508E117497DA079 /* SkillsLibraryView.swift */,
				48E9B8329F5CC2F2805D1192 /* SourcesStrip.swift */,
				4E4E094E41276DCD5885F54E /* SyntaxHighlighter.swift */,
				55807471674193550205CB3F /* TTSSettingsView.swift */,
				0EB39177D9D2AFD88D8C099E /* UpdateSettingsView.swift */,
				5025B9B883A8A0770DBE2E56 /* UsageDashboardView.swift */,
				C7667D7656095A4C06D33EDC /* UsageSettingsView.swift */,
				92FA792E1FD684E441AFF1C3 /* VoiceConversationView.swift */,
				98E7319E6BE7F6B2EC8EA43A /* VoteResultsCard.swift */,
				8DEFC40E9873DEDC8D163DAF /* WebSearchSettingsView.swift */,
				D025C7805F828C5A7D33766C /* WrappingHStack.swift */,
				9549264CF8B3DED2676049CD /* Design */,
				5DFC0ABA6C11D5872102C8AF /* Mac */,
				F185D29EB0960E338B4F7A5A /* Modes */,
				1170A3BA7EB1DE2AF25ECE5F /* Sidebar */,
			);
			path = Views;
			sourceTree = "<group>";
		};
		4ABFC92D72064E2BB91003D7 /* Sources */ = {
			isa = PBXGroup;
			children = (
				9F5CB491914AA4CAB793A5D3 /* BackgroundAudioKeepalive.swift */,
				CE6EDBB6EE19B3E06EB8BA46 /* BackgroundCompanion.swift */,
				1579F4433E6315F8F389A769 /* CLIPendingPrompt.swift */,
				0DF6818851B93421ECA4E3A9 /* KownApp.swift */,
				DC18A3107707274492A4E4E3 /* Platform.swift */,
				DEBCFE56AF368EE88AE2FA26 /* Intents */,
				FA01BDB03209EB0D524D307E /* Models */,
				15A59B3B2CCF1CD52B004581 /* Resources */,
				D6A0C39ABC0AF385643169E7 /* Services */,
				8F4E40078F85BFA74867A07A /* ViewModels */,
				3F6C0AF2191A1BD8868C7A34 /* Views */,
			);
			name = Sources;
			path = Kown;
			sourceTree = "<group>";
		};
		5DFC0ABA6C11D5872102C8AF /* Mac */ = {
			isa = PBXGroup;
			children = (
				0BB288DCD6F24E1A079F84CD /* MacClipboardActions.swift */,
				A248FDD45EDA5637FD9DD508 /* MacQuickAsk.swift */,
			);
			path = Mac;
			sourceTree = "<group>";
		};
		74BB0F833B387A1011C971F6 /* kown */ = {
			isa = PBXGroup;
			children = (
				E8CC3FDBB1AC4A2B9938D291 /* Sources */,
			);
			name = kown;
			path = ..;
			sourceTree = "<group>";
		};
		7B27D1438A66F9C366341E8A = {
			isa = PBXGroup;
			children = (
				6BBFEBEFE06B752D3EBC48F5 /* Assets.xcassets */,
				74BB0F833B387A1011C971F6 /* kown */,
				C6EFD1DDA8489A567D112DC2 /* Products */,
			);
			sourceTree = "<group>";
		};
		8F4E40078F85BFA74867A07A /* ViewModels */ = {
			isa = PBXGroup;
			children = (
				74FECDB1C53A73FB4AD2834E /* AppViewModel.swift */,
				04CEE855B57F844FAE5C0B10 /* AppViewModel+Consensus.swift */,
				9C5B0D8D92210F6F94901E06 /* AppViewModel+GitHub.swift */,
				09057190F5E6BC906966FBB1 /* AppViewModel+Knowledge.swift */,
				FCEFC36A7BA780C0DF612468 /* AppViewModel+Quality.swift */,
				F4592A4913C32C4F72D9FF27 /* AppViewModel+Send.swift */,
			);
			path = ViewModels;
			sourceTree = "<group>";
		};
		9549264CF8B3DED2676049CD /* Design */ = {
			isa = PBXGroup;
			children = (
				A9291B3B56DB780E4D639C95 /* KownTheme.swift */,
			);
			path = Design;
			sourceTree = "<group>";
		};
		B9B3884A89D68ED0901C9BC5 /* TTS */ = {
			isa = PBXGroup;
			children = (
				0DA6D1FF8E4A123472626AAD /* NeuralTTS.swift */,
				04A1D89FDE418310F86252CD /* TTSConfig.swift */,
				873F7E37B2B95E3CCF589112 /* XunfeiTTSEngine.swift */,
			);
			path = TTS;
			sourceTree = "<group>";
		};
		C6EFD1DDA8489A567D112DC2 /* Products */ = {
			isa = PBXGroup;
			children = (
				5E078A60A74F157B421B7AF9 /* Kown.app */,
			);
			name = Products;
			sourceTree = "<group>";
		};
		D6A0C39ABC0AF385643169E7 /* Services */ = {
			isa = PBXGroup;
			children = (
				066FE4203C9EF0565D456149 /* AnthropicClient.swift */,
				762CDAD4AAD71ABC98CDFAEA /* ArtifactExtractor.swift */,
				8A6F20A976B98805EACD3A0C /* BackupStore.swift */,
				C55B3E38FB52C4C951FD64CE /* BatchRunner.swift */,
				DBFEC89F18F75162E6DE8151 /* ChainRunner.swift */,
				533F50E542CD7B7960E479B7 /* ChangelogService.swift */,
				3D4EA7619BEC7C23D6F739E0 /* CLICommandClient.swift */,
				5AC95562809F5AF550A126CA /* ConsensusAnalyzer.swift */,
				DA0E20CC035E11E0C9615EDB /* ConversationExporter.swift */,
				5C96EADA0BB6C979EC985AA8 /* ConversationImageStore.swift */,
				F8F6CE55B7CBED99EF0E804A /* ConversationSearchIndex.swift */,
				05A8F081BDEB4322EE872674 /* ConversationStore.swift */,
				C7DAAA51347C72D66295BA63 /* ConversationSummarizer.swift */,
				7001CD7173A6003309E0338A /* CrashLogger.swift */,
				3B088C91A6C7E5BF2D288E27 /* DebugLogStore.swift */,
				F22FFF375DFABC3EF84B7018 /* EscalationAdvisor.swift */,
				4BA092EA11A22D3DD7476DB9 /* EvalRunner.swift */,
				413813311A24C7F55B0B1C3D /* EventKitService.swift */,
				C0A3D89ADD65423F2712AAAE /* FactCheckService.swift */,
				A56200BADCCD0766AE0D429F /* FavoritesStore.swift */,
				09F9C0C72C5E6B8BE0912EC5 /* FirecrawlClient.swift */,
				34C72CDAE2197001F9B3E4B0 /* GeminiClient.swift */,
				A55C1B3F3EC47EECACFBC5A5 /* GitHubService.swift */,
				89AE2BC7830F259147BB4759 /* HTMLExporter.swift */,
				6E83E1B5507154C0CF88A953 /* ICloudSync.swift */,
				ED9F055252B0E1B2F621C0E9 /* ImageGenerationClient.swift */,
				750A73703E624AF5DF0F7396 /* KeychainStore.swift */,
				F66270B7AD94FD820AABAF62 /* LLMClient.swift */,
				FF3665F7CC1160042B72C8D6 /* LocalFileTool.swift */,
				79D93DCE4450889A1414E77A /* LocalRAG.swift */,
				67C2675B072A72E2CEB50490 /* MCPClient.swift */,
				1BCC447C25F1D74B5D5EDB23 /* MCPSession.swift */,
				ADF164D41A452DE898CC5160 /* MCPStore.swift */,
				59EBF4CDBC6CBE88276707F4 /* MemoryExtractor.swift */,
				1EC284496AF678C1CD74658F /* MemoryStore.swift */,
				32D8C894F98EB9753795AB5A /* ModelLeaderboardStore.swift */,
				7F7B923F73F349AB7977FA59 /* NotesService.swift */,
				330B0594740131BC9AD86870 /* OCRService.swift */,
				6652CB52E9921B5880BDFCFB /* OpenAICompatibleClient.swift */,
				3217D675229F2C856721ACD3 /* PromptBuilders.swift */,
				525A51A1B37FA00A2DCF4B6F /* PromptHistoryStore.swift */,
				C635BF4CA8D4A79975C77578 /* PromptLibraryStore.swift */,
				1B7F9872024209C57342066E /* ProviderRegistry.swift */,
				C2E90577A55CCD1403A79417 /* QuestionRouter.swift */,
				72040293D5A0D231EEE07149 /* ResponseLogger.swift */,
				BC7D92B52EAE43EE683B8A7C /* SchedulerService.swift */,
				EBAB7FE3B047B2689C6E2154 /* ScreenCaptureService.swift */,
				76AB6AD7E15CBA3A53F08289 /* SelfReflectionService.swift */,
				C3F11DFFB8A9FFE6DB50744E /* SharedInbox.swift */,
				21F94470D49A4D70D3AFD557 /* SkillRouter.swift */,
				3B89CBF68EB3E3C96645753F /* SkillsStore.swift */,
				F76C7D4696CC94423AF396D7 /* SpeechRecognizer.swift */,
				54326FD74E1BB58DB142BD41 /* SpeechService.swift */,
				EA814C2E69E49C2CE4217231 /* SSELineStream.swift */,
				EB232FF1B17C1DC9C5267ACB /* StructuredOutput.swift */,
				42775EDE891788EC6007019D /* SynthesisService.swift */,
				6B0217F7D7A92EDDECE5FB93 /* TextDiff.swift */,
				AA6FD3F87CC14D2137033982 /* ToolRouter.swift */,
				B85A21C1BBF19EC1C0455BA0 /* UpdaterService.swift */,
				7C7B12B5A033AA11149DE807 /* UsageStore.swift */,
				98A906B0B941174A4522ACB4 /* WatchProvisioning.swift */,
				4B33D99C78787CD1C29BF517 /* WorkspaceManager.swift */,
				B9B3884A89D68ED0901C9BC5 /* TTS */,
			);
			path = Services;
			sourceTree = "<group>";
		};
		DEBCFE56AF368EE88AE2FA26 /* Intents */ = {
			isa = PBXGroup;
			children = (
				CFDDC6E57D56E5FE87D2E871 /* AskKownIntent.swift */,
			);
			path = Intents;
			sourceTree = "<group>";
		};
		E8CC3FDBB1AC4A2B9938D291 /* Sources */ = {
			isa = PBXGroup;
			children = (
				4ABFC92D72064E2BB91003D7 /* Sources */,
			);
			path = Sources;
			sourceTree = "<group>";
		};
		F185D29EB0960E338B4F7A5A /* Modes */ = {
			isa = PBXGroup;
			children = (
				2B0DA510C06622816A4DCB83 /* CompareTurnsView.swift */,
				D543C2F2DA02ECE5F5FAE137 /* CouncilTurnsView.swift */,
				CE5C4405041E203FC52EA1BA /* DebateTurnsView.swift */,
				3C593599EB8BDECA69569492 /* DirectTurnsView.swift */,
				659CE456B599235C3F87F724 /* StructuredTurnsView.swift */,
				F831F2E5B5C5016211BC3EB7 /* TournamentTurnsView.swift */,
				D81083A7840915BC31B8ED68 /* TurnComponents.swift */,
			);
			path = Modes;
			sourceTree = "<group>";
		};
		FA01BDB03209EB0D524D307E /* Models */ = {
			isa = PBXGroup;
			children = (
				0BA2DF2D3D56CD5E2A5C1119 /* ArtifactBlock.swift */,
				ED3B4692DB0791298A87B40E /* Attachment.swift */,
				E9C7AC3CC81D28CC3EC26758 /* Conversation.swift */,
				FB798BE3CBF42C77E3822A8E /* EvalSuite.swift */,
				671D479F29E08EBEC1F1B685 /* KnowledgeFolder.swift */,
				0687940C49D7DC9598C4D2AE /* LLMStreamChunk.swift */,
				0D645C797069A3DE2337B644 /* MCPServer.swift */,
				5E8B537708352E5EA070D4FE /* PromptChain.swift */,
				D670400A46606C585819F2CC /* Provider.swift */,
				8368D4FE0B95B2D8424C6F03 /* ProviderModelCatalog.swift */,
				26CAD432F91BE031EB0B7CBD /* ResponseState.swift */,
				21BD6D3F7F8646A42D81AF05 /* ScheduledTask.swift */,
				7D15668AF900399F979125EC /* Skill.swift */,
				DD0634339284A0A46BFDB9A1 /* ToolDefinition.swift */,
				EB64A12EBE235CC880ADEBA4 /* WebSearch.swift */,
			);
			path = Models;
			sourceTree = "<group>";
		};
/* End PBXGroup section */

/* Begin PBXNativeTarget section */
		07D0774F136AB105E9D66B84 /* Kown */ = {
			isa = PBXNativeTarget;
			buildConfigurationList = 3A93326EF5F1868B4902C89D /* Build configuration list for PBXNativeTarget "Kown" */;
			buildPhases = (
				346DBB75AB1F59B0F45507BC /* Sources */,
				CFCA8171236096EB63B52DEB /* Resources */,
				06FFC319ED6903D03906A092 /* Frameworks */,
			);
			buildRules = (
			);
			dependencies = (
			);
			name = Kown;
			packageProductDependencies = (
				03754B00E6FF65D102142998 /* MarkdownUI */,
				1EC08FBC2A1DEBCFBB480821 /* Sparkle */,
			);
			productName = Kown;
			productReference = 5E078A60A74F157B421B7AF9 /* Kown.app */;
			productType = "com.apple.product-type.application";
		};
/* End PBXNativeTarget section */

/* Begin PBXProject section */
		2FB5F782E02C20FD9BB52C97 /* Project object */ = {
			isa = PBXProject;
			attributes = {
				BuildIndependentTargetsInParallel = YES;
				LastUpgradeCheck = 1430;
				TargetAttributes = {
					07D0774F136AB105E9D66B84 = {
						DevelopmentTeam = 4257SFGRFK;
						ProvisioningStyle = Automatic;
					};
				};
			};
			buildConfigurationList = 1CFA7891D680D43823A148EA /* Build configuration list for PBXProject "Kown" */;
			developmentRegion = en;
			hasScannedForEncodings = 0;
			knownRegions = (
				Base,
				en,
			);
			mainGroup = 7B27D1438A66F9C366341E8A;
			minimizedProjectReferenceProxies = 1;
			packageReferences = (
				12DBABACAECD0E6C2EA27F0C /* XCRemoteSwiftPackageReference "swift-markdown-ui" */,
				FAA7E8E7F9670F8F2DB205D1 /* XCRemoteSwiftPackageReference "Sparkle" */,
			);
			preferredProjectObjectVersion = 77;
			productRefGroup = C6EFD1DDA8489A567D112DC2 /* Products */;
			projectDirPath = "";
			projectRoot = "";
			targets = (
				07D0774F136AB105E9D66B84 /* Kown */,
			);
		};
/* End PBXProject section */

/* Begin PBXResourcesBuildPhase section */
		CFCA8171236096EB63B52DEB /* Resources */ = {
			isa = PBXResourcesBuildPhase;
			buildActionMask = 2147483647;
			files = (
				AF791BFAB16028DB5B5C5679 /* Assets.xcassets in Resources */,
				366777024F1727D90B2400B5 /* CHANGELOG.md in Resources */,
				F4C77E26BD20157F6876DA94 /* mermaid.min.js in Resources */,
			);
			runOnlyForDeploymentPostprocessing = 0;
		};
/* End PBXResourcesBuildPhase section */

/* Begin PBXSourcesBuildPhase section */
		346DBB75AB1F59B0F45507BC /* Sources */ = {
			isa = PBXSourcesBuildPhase;
			buildActionMask = 2147483647;
			files = (
				9BA152E8F7777DC70B8C49D6 /* ActiveProviderBar.swift in Sources */,
				0131581F99E2EF3713469E6A /* AgentStepsView.swift in Sources */,
				54F12825C0643F97AE2B3D62 /* AnswerCardImage.swift in Sources */,
				A284C3C6C49D6F251FC06DD0 /* AnthropicClient.swift in Sources */,
				6330B6276E6FF86C7DCA8405 /* AppViewModel+Consensus.swift in Sources */,
				E75F3AE6650D9CA6487EEE8E /* AppViewModel+GitHub.swift in Sources */,
				9027AAD3B0B458F5281BD979 /* AppViewModel+Knowledge.swift in Sources */,
				B3B1918D26215E103C896E58 /* AppViewModel+Quality.swift in Sources */,
				4FDBDE512061E3B291077A54 /* AppViewModel+Send.swift in Sources */,
				3FBF4569C76A065A37E5F123 /* AppViewModel.swift in Sources */,
				72F794828A83F32F5512CE45 /* ArtifactBlock.swift in Sources */,
				695AB8D326DC1C8210686358 /* ArtifactExtractor.swift in Sources */,
				B5D3C3C902A7FADF0A76A1DD /* ArtifactPreviewView.swift in Sources */,
				B1C3734602EA607CCB60A9EF /* AskKownIntent.swift in Sources */,
				1D2F258436D3A95D0C941FF2 /* Attachment.swift in Sources */,
				2DE4CB8A385A990438C05770 /* BackgroundAudioKeepalive.swift in Sources */,
				8341991AF39A8425B699B75E /* BackgroundCompanion.swift in Sources */,
				3CC5FEA9353CFE14294D54F2 /* BackupSettingsView.swift in Sources */,
				6EAD279ED860777C19E22596 /* BackupStore.swift in Sources */,
				F0953BA6E5330BF4636D5D12 /* BatchRunner.swift in Sources */,
				F47BB04D8BCD8BBA2C24E330 /* BatchView.swift in Sources */,
				1BF401CC006C13A926BAC3D7 /* CLICommandClient.swift in Sources */,
				1F666F780CD2FC25F78B2245 /* CLIPendingPrompt.swift in Sources */,
				0806425266F35789AC6536B5 /* ChainRunner.swift in Sources */,
				A3CA5D38C447DB10DF15BCEB /* ChainView.swift in Sources */,
				308FCC8017B037FE8825B9B3 /* ChangelogService.swift in Sources */,
				7A2E1775C20817A909AAE3EB /* ChangelogView.swift in Sources */,
				A4286AD296532B8694866E4B /* CitationSourceSheet.swift in Sources */,
				142F973AE60AB8BC7115274C /* CommandPaletteView.swift in Sources */,
				AC07A20F016EA19138DCB1DF /* CompareTurnsView.swift in Sources */,
				4B5E461A68130F5884D15253 /* ConsensusAnalyzer.swift in Sources */,
				74EDF2351EC0CB37818FEAF7 /* ConsensusPanel.swift in Sources */,
				A3F8E6F819337B710DD7A652 /* Conversation.swift in Sources */,
				C4DACA218B54231CA96E335C /* ConversationExporter.swift in Sources */,
				325088DA3CFBDA98AEE22F3B /* ConversationImageStore.swift in Sources */,
				2FBD4A00EA1AD8AA41069A25 /* ConversationImageView.swift in Sources */,
				0A142CA6FC562680E1EC9661 /* ConversationPromptSheet.swift in Sources */,
				5F28C5030B88AF0BBCE9BAFB /* ConversationRowView.swift in Sources */,
				55AEC594F531FC2EAF0BEB6E /* ConversationSearchIndex.swift in Sources */,
				BDE78491D55EEF36B6E20EE0 /* ConversationStore.swift in Sources */,
				08FDF6089841E01C0785AC60 /* ConversationSummarizer.swift in Sources */,
				A2A68B59B1C8C4A5CAA85FCC /* CouncilTurnsView.swift in Sources */,
				668ACD0FF4C11574A2436CD0 /* CrashLogger.swift in Sources */,
				1A22AB7EC16FE8D7ED5F7106 /* DebateTurnsView.swift in Sources */,
				A2CFB347F2F8867BC070F0AC /* DebugLogSettingsView.swift in Sources */,
				298B6B5B7EEFD9F18DEBE9BB /* DebugLogStore.swift in Sources */,
				3E6FCE753AD36EC955F15DAA /* DeviceToolsSettingsView.swift in Sources */,
				38123390632F07ACF834D2E5 /* DirectTurnsView.swift in Sources */,
				8BBD742F51B41452CD0D5313 /* EditTurnSheet.swift in Sources */,
				6D2E44573433660608F68953 /* EmptyStateCard.swift in Sources */,
				23ADBD01F9963D858AD83748 /* EscalationAdvisor.swift in Sources */,
				75423712AFA392E684C3A495 /* EvalRunner.swift in Sources */,
				6639D356EDE76C0C80638A62 /* EvalSuite.swift in Sources */,
				907CF33B136615CDD96CF814 /* EvalView.swift in Sources */,
				92F3EB5FB54BB0F9D87A5648 /* EventKitService.swift in Sources */,
				6DEC13F0A2908B4EF77878AE /* FactCheckService.swift in Sources */,
				94BE5CD33F9985FB6644F40B /* FavoritesSettingsView.swift in Sources */,
				C47134742149CE2159C34F65 /* FavoritesStore.swift in Sources */,
				04AA2820B08DD9FACE8D1F50 /* FirecrawlClient.swift in Sources */,
				C0166D275D0C24361F06DDBD /* GeminiClient.swift in Sources */,
				5F1A0E334420452C494B0437 /* GitHubConnectViews.swift in Sources */,
				7386F52FAE73C627D238FB67 /* GitHubService.swift in Sources */,
				B611B8637FFBFF0F04D748B8 /* HTMLExporter.swift in Sources */,
				73D45F8D0D192C2EA9D752AB /* ICloudSync.swift in Sources */,
				375CA7A62E1D320E3AD58CE7 /* ICloudSyncSettingsView.swift in Sources */,
				3117F3E8F0A591978E32DF91 /* ImageGenerationClient.swift in Sources */,
				E5E2A454A6F97E841940F174 /* InputBarView.swift in Sources */,
				A05DF5060E1EF06ED0463D98 /* KeychainStore.swift in Sources */,
				36EF31E0B33DFE7AFEC1DB71 /* KnowledgeFolder.swift in Sources */,
				CFA048418CE5060B3A8F1948 /* KnowledgeView.swift in Sources */,
				EA91D719497A9303E2E38C52 /* KownApp.swift in Sources */,
				74A89E7D3F14BDCB9EE7A366 /* KownTheme.swift in Sources */,
				6A3729AA976C134ECDDAEE82 /* LLMClient.swift in Sources */,
				0FA0EAB65F062049B93171A0 /* LLMStreamChunk.swift in Sources */,
				7A2C40C858B3C62744B85C43 /* LeaderboardView.swift in Sources */,
				08A0FD2C0E4B1E8374BCBA1B /* LocalFileTool.swift in Sources */,
				A4BA26FF0D7EEA0E647942EF /* LocalRAG.swift in Sources */,
				F0CADAAA5F7EB7BA7F2B0EA8 /* MCPClient.swift in Sources */,
				5D9AF26CAD876C5811778057 /* MCPServer.swift in Sources */,
				E1EDD91FC9A168156721DE1C /* MCPSession.swift in Sources */,
				37CD58330EE8ABF1A385C962 /* MCPSettingsView.swift in Sources */,
				EA1AC8AA47EB259469AA9204 /* MCPStore.swift in Sources */,
				D37D3E8240DEB54160D94C8F /* MacClipboardActions.swift in Sources */,
				69BB4FF2EA193279647FB534 /* MacQuickAsk.swift in Sources */,
				6C5BC5667F9AD4332419D490 /* MainContentView.swift in Sources */,
				1F47FFDFD07EBB60A3637C0D /* MarkdownText.swift in Sources */,
				CFF9005E44B1ED1F91895360 /* MemoryExtractor.swift in Sources */,
				40F35937B86707BBB5CEE7E0 /* MemorySettingsView.swift in Sources */,
				4757EB2D8C778E22DF9DED26 /* MemoryStore.swift in Sources */,
				61C0DB45B1866244F7C98DEC /* ModeTabsView.swift in Sources */,
				E64396294AA8548734D2685A /* ModelLeaderboardStore.swift in Sources */,
				129D13C0D77DCE3668CFA9C6 /* NeuralTTS.swift in Sources */,
				1DBC37746FCA3749A27AE462 /* NotesService.swift in Sources */,
				A80D330C848DB6E36CD85DAA /* OCRService.swift in Sources */,
				8C122A039F0ABC0D0CEC5D5D /* OpenAICompatibleClient.swift in Sources */,
				DEFDBEA0F65071DB6F94261A /* PendingFileWritesView.swift in Sources */,
				F727C3615DE3849FDB843581 /* PerformanceSettingsView.swift in Sources */,
				1D401FF4AC8DB5FE24672944 /* Platform.swift in Sources */,
				0C232B91657AE51EBF9473DD /* PromptBuilders.swift in Sources */,
				B97984674DD5744C615449E2 /* PromptChain.swift in Sources */,
				EB6A0B7FE348DA2E94CAE8E3 /* PromptHistoryStore.swift in Sources */,
				C78996E9CA30ECC970C788A5 /* PromptInsertSheet.swift in Sources */,
				11A00AC50A8D15B9C6DF0A23 /* PromptLibraryStore.swift in Sources */,
				CDFC3FDA672F91DD8D4625D8 /* PromptLibraryView.swift in Sources */,
				F4FB87D057B9B4488BD8BF9D /* Provider.swift in Sources */,
				080814F345FDF974C13E291F /* ProviderModelCatalog.swift in Sources */,
				305331BB82329E7463DF6EB4 /* ProviderRegistry.swift in Sources */,
				1FC04A0FE48B84F150A528F8 /* ProviderRowView.swift in Sources */,
				990049A3015F761929EF1BBA /* QualityCards.swift in Sources */,
				2FCB0E06ECBE8BA942DAF954 /* QuestionRouter.swift in Sources */,
				B87C0DB982B6A3F9F2C4E9EB /* ReasoningDisclosure.swift in Sources */,
				18A836F797793DBA55EDB7BA /* ResponseColumnView.swift in Sources */,
				99D907FB5189365DED894F0A /* ResponseLogger.swift in Sources */,
				94020BCDD1E4A8B713E565D8 /* ResponseState.swift in Sources */,
				BBA9B3DCBF782EB71A53B984 /* RootView.swift in Sources */,
				BDC61E3F0F38D685626A7375 /* SSELineStream.swift in Sources */,
				DE2F9170F1B8CA0B9EB0A70B /* ScheduledTask.swift in Sources */,
				5A22D551753A8BC80B537317 /* SchedulerService.swift in Sources */,
				26406572CADE64468E42C312 /* SchedulerView.swift in Sources */,
				EEA8F14429184B1E38987127 /* ScreenCaptureService.swift in Sources */,
				5D1DE5176151E1CD3FDE070F /* SelfReflectionService.swift in Sources */,
				C6654BF5F9919C4F487B8FC1 /* SettingsView.swift in Sources */,
				CD04901B5FD0DC27455DEA7E /* SharedInbox.swift in Sources */,
				E476A4B522B8A761BE0D6B5F /* SidebarView.swift in Sources */,
				0897BF3BED34EE1CED84348A /* Skill.swift in Sources */,
				58A24F3CD4120D2EF3C6B743 /* SkillRouter.swift in Sources */,
				98C1E70CC1ADAD46B069EE38 /* SkillsLibraryView.swift in Sources */,
				9110562521F30EA7D1BBD892 /* SkillsStore.swift in Sources */,
				957A2EFD34EAF740DD20A6F6 /* SourcesStrip.swift in Sources */,
				AE45CA69BB323D198B59A254 /* SpeechRecognizer.swift in Sources */,
				68C639244FD9C1FB4B2CE551 /* SpeechService.swift in Sources */,
				276AE625D85B18E99A7A513E /* StructuredOutput.swift in Sources */,
				228D3AB3D4965E1CBC2C59C6 /* StructuredTurnsView.swift in Sources */,
				5B99879A3218CC574D149C26 /* SyntaxHighlighter.swift in Sources */,
				E3D67524B05E79C3A1292833 /* SynthesisService.swift in Sources */,
				D45CCB09544429246689C809 /* TTSConfig.swift in Sources */,
				795E0160543754AD650C1B99 /* TTSSettingsView.swift in Sources */,
				789E3B1E3DDB0DF057B9FAEC /* TextDiff.swift in Sources */,
				71738E8A12A923DA0011C926 /* ToolDefinition.swift in Sources */,
				D7CFCCB6B48B7C5B8C1BD753 /* ToolRouter.swift in Sources */,
				2D94FA3DB8DF30D44F7B3A7E /* TournamentTurnsView.swift in Sources */,
				84B6CA7E670EF4C075F60B44 /* TurnComponents.swift in Sources */,
				1B6835FE4EE43F667875603B /* UpdateSettingsView.swift in Sources */,
				7A0944641460FC98B9AAED77 /* UpdaterService.swift in Sources */,
				6E752F01958F053E21FD5E3F /* UsageDashboardView.swift in Sources */,
				91AF69BB07BE8A51A139E82D /* UsageSettingsView.swift in Sources */,
				BAB89506C06D863220F3662B /* UsageStore.swift in Sources */,
				7C5BB8BFF375E8C3C22E5D67 /* VoiceConversationView.swift in Sources */,
				F67A36CA947A0CC0BCDB0188 /* VoteResultsCard.swift in Sources */,
				CA87B2B5A5F436A16EB363A1 /* WatchProvisioning.swift in Sources */,
				6772477AA987E55FBAEF8C7D /* WebSearch.swift in Sources */,
				9660B6092B9E1F719FA98A61 /* WebSearchSettingsView.swift in Sources */,
				885C193991424F3917955116 /* WorkspaceManager.swift in Sources */,
				B065092D931DC5DBF4453BA9 /* WrappingHStack.swift in Sources */,
				3ADE5E91AB659407BD4C82C3 /* XunfeiTTSEngine.swift in Sources */,
			);
			runOnlyForDeploymentPostprocessing = 0;
		};
/* End PBXSourcesBuildPhase section */

/* Begin XCBuildConfiguration section */
		6C4132B4753160CF29F102CC /* Debug */ = {
			isa = XCBuildConfiguration;
			buildSettings = {
				ALWAYS_SEARCH_USER_PATHS = NO;
				CLANG_ANALYZER_NONNULL = YES;
				CLANG_ANALYZER_NUMBER_OBJECT_CONVERSION = YES_AGGRESSIVE;
				CLANG_CXX_LANGUAGE_STANDARD = "gnu++14";
				CLANG_CXX_LIBRARY = "libc++";
				CLANG_ENABLE_MODULES = YES;
				CLANG_ENABLE_OBJC_ARC = YES;
				CLANG_ENABLE_OBJC_WEAK = YES;
				CLANG_WARN_BLOCK_CAPTURE_AUTORELEASING = YES;
				CLANG_WARN_BOOL_CONVERSION = YES;
				CLANG_WARN_COMMA = YES;
				CLANG_WARN_CONSTANT_CONVERSION = YES;
				CLANG_WARN_DEPRECATED_OBJC_IMPLEMENTATIONS = YES;
				CLANG_WARN_DIRECT_OBJC_ISA_USAGE = YES_ERROR;
				CLANG_WARN_DOCUMENTATION_COMMENTS = YES;
				CLANG_WARN_EMPTY_BODY = YES;
				CLANG_WARN_ENUM_CONVERSION = YES;
				CLANG_WARN_INFINITE_RECURSION = YES;
				CLANG_WARN_INT_CONVERSION = YES;
				CLANG_WARN_NON_LITERAL_NULL_CONVERSION = YES;
				CLANG_WARN_OBJC_IMPLICIT_RETAIN_SELF = YES;
				CLANG_WARN_OBJC_LITERAL_CONVERSION = YES;
				CLANG_WARN_OBJC_ROOT_CLASS = YES_ERROR;
				CLANG_WARN_QUOTED_INCLUDE_IN_FRAMEWORK_HEADER = YES;
				CLANG_WARN_RANGE_LOOP_ANALYSIS = YES;
				CLANG_WARN_STRICT_PROTOTYPES = YES;
				CLANG_WARN_SUSPICIOUS_MOVE = YES;
				CLANG_WARN_UNGUARDED_AVAILABILITY = YES_AGGRESSIVE;
				CLANG_WARN_UNREACHABLE_CODE = YES;
				CLANG_WARN__DUPLICATE_METHOD_MATCH = YES;
				COPY_PHASE_STRIP = NO;
				DEBUG_INFORMATION_FORMAT = dwarf;
				ENABLE_STRICT_OBJC_MSGSEND = YES;
				ENABLE_TESTABILITY = YES;
				GCC_C_LANGUAGE_STANDARD = gnu11;
				GCC_DYNAMIC_NO_PIC = NO;
				GCC_NO_COMMON_BLOCKS = YES;
				GCC_OPTIMIZATION_LEVEL = 0;
				GCC_PREPROCESSOR_DEFINITIONS = (
					"$(inherited)",
					"DEBUG=1",
				);
				GCC_WARN_64_TO_32_BIT_CONVERSION = YES;
				GCC_WARN_ABOUT_RETURN_TYPE = YES_ERROR;
				GCC_WARN_UNDECLARED_SELECTOR = YES;
				GCC_WARN_UNINITIALIZED_AUTOS = YES_AGGRESSIVE;
				GCC_WARN_UNUSED_FUNCTION = YES;
				GCC_WARN_UNUSED_VARIABLE = YES;
				MACOSX_DEPLOYMENT_TARGET = 14.0;
				MTL_ENABLE_DEBUG_INFO = INCLUDE_SOURCE;
				MTL_FAST_MATH = YES;
				ONLY_ACTIVE_ARCH = YES;
				PRODUCT_NAME = "$(TARGET_NAME)";
				SDKROOT = macosx;
				SWIFT_ACTIVE_COMPILATION_CONDITIONS = DEBUG;
				SWIFT_OPTIMIZATION_LEVEL = "-Onone";
				SWIFT_VERSION = 5.0;
			};
			name = Debug;
		};
		723DB6923C07FA75F55DC3C8 /* Release */ = {
			isa = XCBuildConfiguration;
			buildSettings = {
				ALWAYS_SEARCH_USER_PATHS = NO;
				CLANG_ANALYZER_NONNULL = YES;
				CLANG_ANALYZER_NUMBER_OBJECT_CONVERSION = YES_AGGRESSIVE;
				CLANG_CXX_LANGUAGE_STANDARD = "gnu++14";
				CLANG_CXX_LIBRARY = "libc++";
				CLANG_ENABLE_MODULES = YES;
				CLANG_ENABLE_OBJC_ARC = YES;
				CLANG_ENABLE_OBJC_WEAK = YES;
				CLANG_WARN_BLOCK_CAPTURE_AUTORELEASING = YES;
				CLANG_WARN_BOOL_CONVERSION = YES;
				CLANG_WARN_COMMA = YES;
				CLANG_WARN_CONSTANT_CONVERSION = YES;
				CLANG_WARN_DEPRECATED_OBJC_IMPLEMENTATIONS = YES;
				CLANG_WARN_DIRECT_OBJC_ISA_USAGE = YES_ERROR;
				CLANG_WARN_DOCUMENTATION_COMMENTS = YES;
				CLANG_WARN_EMPTY_BODY = YES;
				CLANG_WARN_ENUM_CONVERSION = YES;
				CLANG_WARN_INFINITE_RECURSION = YES;
				CLANG_WARN_INT_CONVERSION = YES;
				CLANG_WARN_NON_LITERAL_NULL_CONVERSION = YES;
				CLANG_WARN_OBJC_IMPLICIT_RETAIN_SELF = YES;
				CLANG_WARN_OBJC_LITERAL_CONVERSION = YES;
				CLANG_WARN_OBJC_ROOT_CLASS = YES_ERROR;
				CLANG_WARN_QUOTED_INCLUDE_IN_FRAMEWORK_HEADER = YES;
				CLANG_WARN_RANGE_LOOP_ANALYSIS = YES;
				CLANG_WARN_STRICT_PROTOTYPES = YES;
				CLANG_WARN_SUSPICIOUS_MOVE = YES;
				CLANG_WARN_UNGUARDED_AVAILABILITY = YES_AGGRESSIVE;
				CLANG_WARN_UNREACHABLE_CODE = YES;
				CLANG_WARN__DUPLICATE_METHOD_MATCH = YES;
				COPY_PHASE_STRIP = NO;
				DEBUG_INFORMATION_FORMAT = "dwarf-with-dsym";
				ENABLE_NS_ASSERTIONS = NO;
				ENABLE_STRICT_OBJC_MSGSEND = YES;
				GCC_C_LANGUAGE_STANDARD = gnu11;
				GCC_NO_COMMON_BLOCKS = YES;
				GCC_WARN_64_TO_32_BIT_CONVERSION = YES;
				GCC_WARN_ABOUT_RETURN_TYPE = YES_ERROR;
				GCC_WARN_UNDECLARED_SELECTOR = YES;
				GCC_WARN_UNINITIALIZED_AUTOS = YES_AGGRESSIVE;
				GCC_WARN_UNUSED_FUNCTION = YES;
				GCC_WARN_UNUSED_VARIABLE = YES;
				MACOSX_DEPLOYMENT_TARGET = 14.0;
				MTL_ENABLE_DEBUG_INFO = NO;
				MTL_FAST_MATH = YES;
				PRODUCT_NAME = "$(TARGET_NAME)";
				SDKROOT = macosx;
				SWIFT_COMPILATION_MODE = wholemodule;
				SWIFT_OPTIMIZATION_LEVEL = "-O";
				SWIFT_VERSION = 5.0;
			};
			name = Release;
		};
		C156FAF967686E35E64D23E7 /* Release */ = {
			isa = XCBuildConfiguration;
			buildSettings = {
				ASSETCATALOG_COMPILER_APPICON_NAME = AppIcon;
				CODE_SIGN_ENTITLEMENTS = Kown.entitlements;
				CODE_SIGN_STYLE = Automatic;
				COMBINE_HIDPI_IMAGES = YES;
				CURRENT_PROJECT_VERSION = 1;
				DEVELOPMENT_TEAM = 4257SFGRFK;
				ENABLE_HARDENED_RUNTIME = YES;
				ENABLE_USER_SCRIPT_SANDBOXING = NO;
				GENERATE_INFOPLIST_FILE = NO;
				INFOPLIST_FILE = Info.plist;
				LD_RUNPATH_SEARCH_PATHS = (
					"$(inherited)",
					"@executable_path/../Frameworks",
				);
				MACOSX_DEPLOYMENT_TARGET = 14.0;
				MARKETING_VERSION = 0.24.5;
				PRODUCT_BUNDLE_IDENTIFIER = com.xiaobo.kown;
				SDKROOT = macosx;
				SWIFT_UPCOMING_FEATURE_STRICT_CONCURRENCY = YES;
				SWIFT_VERSION = 6.0;
			};
			name = Release;
		};
		FEE964465BB9AE5FEB5506D4 /* Debug */ = {
			isa = XCBuildConfiguration;
			buildSettings = {
				ASSETCATALOG_COMPILER_APPICON_NAME = AppIcon;
				CODE_SIGN_ENTITLEMENTS = Kown.entitlements;
				CODE_SIGN_STYLE = Automatic;
				COMBINE_HIDPI_IMAGES = YES;
				CURRENT_PROJECT_VERSION = 1;
				DEVELOPMENT_TEAM = 4257SFGRFK;
				ENABLE_HARDENED_RUNTIME = YES;
				ENABLE_USER_SCRIPT_SANDBOXING = NO;
				GENERATE_INFOPLIST_FILE = NO;
				INFOPLIST_FILE = Info.plist;
				LD_RUNPATH_SEARCH_PATHS = (
					"$(inherited)",
					"@executable_path/../Frameworks",
				);
				MACOSX_DEPLOYMENT_TARGET = 14.0;
				MARKETING_VERSION = 0.24.5;
				PRODUCT_BUNDLE_IDENTIFIER = com.xiaobo.kown;
				SDKROOT = macosx;
				SWIFT_UPCOMING_FEATURE_STRICT_CONCURRENCY = YES;
				SWIFT_VERSION = 6.0;
			};
			name = Debug;
		};
/* End XCBuildConfiguration section */

/* Begin XCConfigurationList section */
		1CFA7891D680D43823A148EA /* Build configuration list for PBXProject "Kown" */ = {
			isa = XCConfigurationList;
			buildConfigurations = (
				6C4132B4753160CF29F102CC /* Debug */,
				723DB6923C07FA75F55DC3C8 /* Release */,
			);
			defaultConfigurationIsVisible = 0;
			defaultConfigurationName = Debug;
		};
		3A93326EF5F1868B4902C89D /* Build configuration list for PBXNativeTarget "Kown" */ = {
			isa = XCConfigurationList;
			buildConfigurations = (
				FEE964465BB9AE5FEB5506D4 /* Debug */,
				C156FAF967686E35E64D23E7 /* Release */,
			);
			defaultConfigurationIsVisible = 0;
			defaultConfigurationName = Debug;
		};
/* End XCConfigurationList section */

/* Begin XCRemoteSwiftPackageReference section */
		12DBABACAECD0E6C2EA27F0C /* XCRemoteSwiftPackageReference "swift-markdown-ui" */ = {
			isa = XCRemoteSwiftPackageReference;
			repositoryURL = "https://github.com/gonzalezreal/swift-markdown-ui";
			requirement = {
				kind = upToNextMajorVersion;
				minimumVersion = 2.4.0;
			};
		};
		FAA7E8E7F9670F8F2DB205D1 /* XCRemoteSwiftPackageReference "Sparkle" */ = {
			isa = XCRemoteSwiftPackageReference;
			repositoryURL = "https://github.com/sparkle-project/Sparkle";
			requirement = {
				kind = upToNextMajorVersion;
				minimumVersion = 2.6.0;
			};
		};
/* End XCRemoteSwiftPackageReference section */

/* Begin XCSwiftPackageProductDependency section */
		03754B00E6FF65D102142998 /* MarkdownUI */ = {
			isa = XCSwiftPackageProductDependency;
			package = 12DBABACAECD0E6C2EA27F0C /* XCRemoteSwiftPackageReference "swift-markdown-ui" */;
			productName = MarkdownUI;
		};
		1EC08FBC2A1DEBCFBB480821 /* Sparkle */ = {
			isa = XCSwiftPackageProductDependency;
			package = FAA7E8E7F9670F8F2DB205D1 /* XCRemoteSwiftPackageReference "Sparkle" */;
			productName = Sparkle;
		};
/* End XCSwiftPackageProductDependency section */
	};
	rootObject = 2FB5F782E02C20FD9BB52C97 /* Project object */;
}
